// !$*UTF8*$!
{
	archiveVersion = 1;
	classes = {
	};
	objectVersion = 56;
	objects = {

/* Begin PBXBuildFile section */
		2603C7F02ADC4E8A00090A9D /* MyPageStoryboard.storyboard in Resources */ = {isa = PBXBuildFile; fileRef = 2603C7EF2ADC4E8A00090A9D /* MyPageStoryboard.storyboard */; };
		261003822AC972E2001F5E28 /* UIView+CornerRadius.swift in Sources */ = {isa = PBXBuildFile; fileRef = 261003812AC972E2001F5E28 /* UIView+CornerRadius.swift */; };
		261003B42AD3AF07001F5E28 /* Color.swift in Sources */ = {isa = PBXBuildFile; fileRef = 261003B32AD3AF07001F5E28 /* Color.swift */; };
		26215E372AB87FD300F28FBF /* Onboarding.storyboard in Resources */ = {isa = PBXBuildFile; fileRef = 26215E362AB87FD300F28FBF /* Onboarding.storyboard */; };
		26215E3B2AB8843300F28FBF /* OnboardingViewController.swift in Sources */ = {isa = PBXBuildFile; fileRef = 26215E3A2AB8843300F28FBF /* OnboardingViewController.swift */; };
		26215E3E2AB895C500F28FBF /* Helper.swift in Sources */ = {isa = PBXBuildFile; fileRef = 26215E3D2AB895C500F28FBF /* Helper.swift */; };
		26215E402AB8A02600F28FBF /* LoginFirstViewController.swift in Sources */ = {isa = PBXBuildFile; fileRef = 26215E3F2AB8A02600F28FBF /* LoginFirstViewController.swift */; };
		26215E422AB9E5B600F28FBF /* LoginSecondViewController.swift in Sources */ = {isa = PBXBuildFile; fileRef = 26215E412AB9E5B600F28FBF /* LoginSecondViewController.swift */; };
		26215E442AB9E5C400F28FBF /* LoginThirdViewController.swift in Sources */ = {isa = PBXBuildFile; fileRef = 26215E432AB9E5C400F28FBF /* LoginThirdViewController.swift */; };
		264BF3AF2B126CBD00FCFBEC /* UITextField+addLeftPadding.swift in Sources */ = {isa = PBXBuildFile; fileRef = 264BF3AE2B126CBD00FCFBEC /* UITextField+addLeftPadding.swift */; };
		264BF3B12B1273D300FCFBEC /* PasswordRecoveryFirstViewController.swift in Sources */ = {isa = PBXBuildFile; fileRef = 264BF3B02B1273D300FCFBEC /* PasswordRecoveryFirstViewController.swift */; };
		264BF3B32B1276FE00FCFBEC /* PasswordRecoverySecondViewController.swift in Sources */ = {isa = PBXBuildFile; fileRef = 264BF3B22B1276FE00FCFBEC /* PasswordRecoverySecondViewController.swift */; };
		264BF3B52B12770800FCFBEC /* PasswordRecoveryThirdViewController.swift in Sources */ = {isa = PBXBuildFile; fileRef = 264BF3B42B12770800FCFBEC /* PasswordRecoveryThirdViewController.swift */; };
		264BF3B72B12771100FCFBEC /* PasswordRecoveryFourthViewController.swift in Sources */ = {isa = PBXBuildFile; fileRef = 264BF3B62B12771100FCFBEC /* PasswordRecoveryFourthViewController.swift */; };
		264BF3BB2B14C9F700FCFBEC /* LoginAPI.swift in Sources */ = {isa = PBXBuildFile; fileRef = 264BF3BA2B14C9F700FCFBEC /* LoginAPI.swift */; };
		264BF3BC2B14CCDC00FCFBEC /* SignUp.swift in Sources */ = {isa = PBXBuildFile; fileRef = 269AED4A2AE3BA00009EADA2 /* SignUp.swift */; };
		264BF3BE2B14CD0400FCFBEC /* SignUpAPI.swift in Sources */ = {isa = PBXBuildFile; fileRef = 264BF3BD2B14CD0400FCFBEC /* SignUpAPI.swift */; };
		264BF3C02B15008B00FCFBEC /* ErrorResponse.swift in Sources */ = {isa = PBXBuildFile; fileRef = 264BF3BF2B15008B00FCFBEC /* ErrorResponse.swift */; };
		264BF3C22B187CB500FCFBEC /* String+Validation.swift in Sources */ = {isa = PBXBuildFile; fileRef = 264BF3C12B187CB500FCFBEC /* String+Validation.swift */; };
		264BF3C42B18E80700FCFBEC /* ToastManager.swift in Sources */ = {isa = PBXBuildFile; fileRef = 264BF3C32B18E80700FCFBEC /* ToastManager.swift */; };
		264BF3C62B19B8B500FCFBEC /* KeyChain.swift in Sources */ = {isa = PBXBuildFile; fileRef = 264BF3C52B19B8B500FCFBEC /* KeyChain.swift */; };
		2686083D2B1DDA9E00FA823E /* PasswordRecoveryService.swift in Sources */ = {isa = PBXBuildFile; fileRef = 2686083C2B1DDA9E00FA823E /* PasswordRecoveryService.swift */; };
		2686083F2B1DDE8A00FA823E /* PasswordRecovery.swift in Sources */ = {isa = PBXBuildFile; fileRef = 2686083E2B1DDE8A00FA823E /* PasswordRecovery.swift */; };
		268608412B1E2B7100FA823E /* UIButton+Customization.swift in Sources */ = {isa = PBXBuildFile; fileRef = 268608402B1E2B7100FA823E /* UIButton+Customization.swift */; };
		268608432B222C5900FA823E /* UserProfileService.swift in Sources */ = {isa = PBXBuildFile; fileRef = 268608422B222C5900FA823E /* UserProfileService.swift */; };
		268608452B22A44C00FA823E /* AnnouncementService.swift in Sources */ = {isa = PBXBuildFile; fileRef = 268608442B22A44B00FA823E /* AnnouncementService.swift */; };
		268608472B2DB04300FA823E /* GPTDiaryAPI.swift in Sources */ = {isa = PBXBuildFile; fileRef = 268608462B2DB04300FA823E /* GPTDiaryAPI.swift */; };
		2686084D2B2DC59700FA823E /* DiaryGuideWirtePageViewController.swift in Sources */ = {isa = PBXBuildFile; fileRef = 2686084C2B2DC59700FA823E /* DiaryGuideWirtePageViewController.swift */; };
		2686084F2B36A0D700FA823E /* PageViewController.swift in Sources */ = {isa = PBXBuildFile; fileRef = 2686084E2B36A0D700FA823E /* PageViewController.swift */; };
		268608512B3AD41600FA823E /* StepTwoCustomTextViewController.swift in Sources */ = {isa = PBXBuildFile; fileRef = 268608502B3AD41600FA823E /* StepTwoCustomTextViewController.swift */; };
		268608532B3B0B2A00FA823E /* GPTDiaryModel.swift in Sources */ = {isa = PBXBuildFile; fileRef = 268608522B3B0B2A00FA823E /* GPTDiaryModel.swift */; };
		268608552B4561AC00FA823E /* Delegate.swift in Sources */ = {isa = PBXBuildFile; fileRef = 268608542B4561AC00FA823E /* Delegate.swift */; };
		269AED462AE119D7009EADA2 /* ProfileEditViewController.swift in Sources */ = {isa = PBXBuildFile; fileRef = 269AED452AE119D7009EADA2 /* ProfileEditViewController.swift */; };
		269AED4D2AE3BAF3009EADA2 /* Login.swift in Sources */ = {isa = PBXBuildFile; fileRef = 269AED4C2AE3BAF3009EADA2 /* Login.swift */; };
		269AED4F2AE3CFF1009EADA2 /* UserProfile.swift in Sources */ = {isa = PBXBuildFile; fileRef = 269AED4E2AE3CFF1009EADA2 /* UserProfile.swift */; };
		26A06DE32AFA27610039813F /* AlertViewController.xib in Resources */ = {isa = PBXBuildFile; fileRef = 26A06DE12AFA27610039813F /* AlertViewController.xib */; };
		26A06DE52AFC01580039813F /* AnnouncementTableViewCell.swift in Sources */ = {isa = PBXBuildFile; fileRef = 26A06DE42AFC01580039813F /* AnnouncementTableViewCell.swift */; };
		26F2D8D92B5AA71200EAD813 /* LDSwiftEventSource in Frameworks */ = {isa = PBXBuildFile; productRef = 26F2D8D82B5AA71200EAD813 /* LDSwiftEventSource */; };
		26F2D8DB2B5AA87C00EAD813 /* SseEventHandler.swift in Sources */ = {isa = PBXBuildFile; fileRef = 26F2D8DA2B5AA87C00EAD813 /* SseEventHandler.swift */; };
		26F2D8DF2B5BA8D600EAD813 /* DiaryAPI.swift in Sources */ = {isa = PBXBuildFile; fileRef = 26F2D8DE2B5BA8D600EAD813 /* DiaryAPI.swift */; };
		26F2D8E12B5BAF8600EAD813 /* DiaryImageAPI.swift in Sources */ = {isa = PBXBuildFile; fileRef = 26F2D8E02B5BAF8600EAD813 /* DiaryImageAPI.swift */; };
		F90743802AB73CAD00F7C503 /* Diary.storyboard in Resources */ = {isa = PBXBuildFile; fileRef = F907437F2AB73CAD00F7C503 /* Diary.storyboard */; };
		F90743822AB73CBF00F7C503 /* DiaryViewController.swift in Sources */ = {isa = PBXBuildFile; fileRef = F90743812AB73CBF00F7C503 /* DiaryViewController.swift */; };
		F90CDEAB2ABFF947008ED1A2 /* StepOneTableViewCell.swift in Sources */ = {isa = PBXBuildFile; fileRef = F90CDEA92ABFF947008ED1A2 /* StepOneTableViewCell.swift */; };
		F90CDEAC2ABFF947008ED1A2 /* StepOneTableViewCell.xib in Resources */ = {isa = PBXBuildFile; fileRef = F90CDEAA2ABFF947008ED1A2 /* StepOneTableViewCell.xib */; };
		F90E463D2AB9E0E800E8C0BD /* DiarySendNameViewController.swift in Sources */ = {isa = PBXBuildFile; fileRef = F90E463C2AB9E0E800E8C0BD /* DiarySendNameViewController.swift */; };
		F933D89F2AB73982006EDA07 /* AppDelegate.swift in Sources */ = {isa = PBXBuildFile; fileRef = F933D89E2AB73982006EDA07 /* AppDelegate.swift */; };
		F933D8A12AB73982006EDA07 /* SceneDelegate.swift in Sources */ = {isa = PBXBuildFile; fileRef = F933D8A02AB73982006EDA07 /* SceneDelegate.swift */; };
		F933D8A32AB73982006EDA07 /* LoginViewController.swift in Sources */ = {isa = PBXBuildFile; fileRef = F933D8A22AB73982006EDA07 /* LoginViewController.swift */; };
		F933D8A62AB73982006EDA07 /* Login.storyboard in Resources */ = {isa = PBXBuildFile; fileRef = F933D8A42AB73982006EDA07 /* Login.storyboard */; };
		F933D8AB2AB73983006EDA07 /* LaunchScreen.storyboard in Resources */ = {isa = PBXBuildFile; fileRef = F933D8A92AB73983006EDA07 /* LaunchScreen.storyboard */; };
		F937BCF92ABC655300D60041 /* StepOneViewController.swift in Sources */ = {isa = PBXBuildFile; fileRef = F937BCF82ABC655300D60041 /* StepOneViewController.swift */; };
		F93D6FA82AB974EF00591C21 /* DiaryWrite.storyboard in Resources */ = {isa = PBXBuildFile; fileRef = F93D6FA72AB974EF00591C21 /* DiaryWrite.storyboard */; };
		F93D6FAA2AB9750400591C21 /* DiaryWriteViewController.swift in Sources */ = {isa = PBXBuildFile; fileRef = F93D6FA92AB9750400591C21 /* DiaryWriteViewController.swift */; };
		F948D84F2AC15A8D00F965E6 /* DiaryDetailViewController.swift in Sources */ = {isa = PBXBuildFile; fileRef = F948D84E2AC15A8D00F965E6 /* DiaryDetailViewController.swift */; };
		F94A093C2B13698F00786C12 /* DiarySendModel.swift in Sources */ = {isa = PBXBuildFile; fileRef = F94A093B2B13698F00786C12 /* DiarySendModel.swift */; };
		F94A09402B136D5C00786C12 /* DiaryImageModel.swift in Sources */ = {isa = PBXBuildFile; fileRef = F94A093F2B136D5C00786C12 /* DiaryImageModel.swift */; };
		F94A09432B13755900786C12 /* AlamofireImage in Frameworks */ = {isa = PBXBuildFile; productRef = F94A09422B13755900786C12 /* AlamofireImage */; };
		F9592C382B2033CA00B17A25 /* DiaryImageEmptyCollectionViewCell.swift in Sources */ = {isa = PBXBuildFile; fileRef = F9592C362B2033CA00B17A25 /* DiaryImageEmptyCollectionViewCell.swift */; };
		F9592C392B2033CA00B17A25 /* DiaryImageEmptyCollectionViewCell.xib in Resources */ = {isa = PBXBuildFile; fileRef = F9592C372B2033CA00B17A25 /* DiaryImageEmptyCollectionViewCell.xib */; };
		F959853B2B0F5C06001F28F1 /* MyPageViewController.swift in Sources */ = {isa = PBXBuildFile; fileRef = 2603C7ED2ADC4E7500090A9D /* MyPageViewController.swift */; };
		F959853C2B0F5C11001F28F1 /* Page.swift in Sources */ = {isa = PBXBuildFile; fileRef = 269AED412ADDA715009EADA2 /* Page.swift */; };
		F959853D2B0F5C1B001F28F1 /* AnnouncementViewController.swift in Sources */ = {isa = PBXBuildFile; fileRef = 269AED822AE7B8FA009EADA2 /* AnnouncementViewController.swift */; };
		F959853E2B0F5C2F001F28F1 /* PageCell.swift in Sources */ = {isa = PBXBuildFile; fileRef = 269AED432ADDA805009EADA2 /* PageCell.swift */; };
		F959853F2B0F5C31001F28F1 /* AlertViewController.swift in Sources */ = {isa = PBXBuildFile; fileRef = 26A06DE02AFA27610039813F /* AlertViewController.swift */; };
		F959A14F2AB8105F009D90A8 /* DiaryMainEmptyTableViewCell.swift in Sources */ = {isa = PBXBuildFile; fileRef = F959A14D2AB8105F009D90A8 /* DiaryMainEmptyTableViewCell.swift */; };
		F959A1502AB8105F009D90A8 /* DiaryMainEmptyTableViewCell.xib in Resources */ = {isa = PBXBuildFile; fileRef = F959A14E2AB8105F009D90A8 /* DiaryMainEmptyTableViewCell.xib */; };
		F959A1532AB8157E009D90A8 /* DiaryModel.swift in Sources */ = {isa = PBXBuildFile; fileRef = F959A1522AB8157E009D90A8 /* DiaryModel.swift */; };
		F96F325A2B1022AD00EA4F67 /* DiaryMonthPicker.storyboard in Resources */ = {isa = PBXBuildFile; fileRef = F96F32592B1022AD00EA4F67 /* DiaryMonthPicker.storyboard */; };
		F979D7A72AB7DFDF00C52C47 /* DiaryMainTableViewCell.swift in Sources */ = {isa = PBXBuildFile; fileRef = F979D7A52AB7DFDF00C52C47 /* DiaryMainTableViewCell.swift */; };
		F979D7A82AB7DFDF00C52C47 /* DiaryMainTableViewCell.xib in Resources */ = {isa = PBXBuildFile; fileRef = F979D7A62AB7DFDF00C52C47 /* DiaryMainTableViewCell.xib */; };
		F9866C3F2ADE12AE00744164 /* Assets.xcassets in Resources */ = {isa = PBXBuildFile; fileRef = F9866C3E2ADE12AE00744164 /* Assets.xcassets */; };
		F98888612AFD2219006AB274 /* Alamofire in Frameworks */ = {isa = PBXBuildFile; productRef = F98888602AFD2219006AB274 /* Alamofire */; };
		F991C3D02B18BD6A00A4847B /* DiaryMonthPickerViewController.swift in Sources */ = {isa = PBXBuildFile; fileRef = F991C3CF2B18BD6A00A4847B /* DiaryMonthPickerViewController.swift */; };
		F991C3D52B18BF8B00A4847B /* DiaryMonthPickerCollectionViewCell.swift in Sources */ = {isa = PBXBuildFile; fileRef = F991C3D32B18BF8B00A4847B /* DiaryMonthPickerCollectionViewCell.swift */; };
		F991C3D62B18BF8B00A4847B /* DiaryMonthPickerCollectionViewCell.xib in Resources */ = {isa = PBXBuildFile; fileRef = F991C3D42B18BF8B00A4847B /* DiaryMonthPickerCollectionViewCell.xib */; };
		F99368452AF9C79800999521 /* DiaryDatePickerCollectionViewCell.swift in Sources */ = {isa = PBXBuildFile; fileRef = F99368432AF9C79800999521 /* DiaryDatePickerCollectionViewCell.swift */; };
		F99368462AF9C79800999521 /* DiaryDatePickerCollectionViewCell.xib in Resources */ = {isa = PBXBuildFile; fileRef = F99368442AF9C79800999521 /* DiaryDatePickerCollectionViewCell.xib */; };
		F9947A162AC265D7000F11BD /* StepTwoViewController.swift in Sources */ = {isa = PBXBuildFile; fileRef = F9947A152AC265D7000F11BD /* StepTwoViewController.swift */; };
		F9947A192AC2678E000F11BD /* StepTwoTableViewCell.swift in Sources */ = {isa = PBXBuildFile; fileRef = F9947A172AC2678E000F11BD /* StepTwoTableViewCell.swift */; };
		F9947A1A2AC2678E000F11BD /* StepTwoTableViewCell.xib in Resources */ = {isa = PBXBuildFile; fileRef = F9947A182AC2678E000F11BD /* StepTwoTableViewCell.xib */; };
		F9A69E2D2ACCEDA70048FC04 /* StepThreeViewController.swift in Sources */ = {isa = PBXBuildFile; fileRef = F9A69E2C2ACCEDA70048FC04 /* StepThreeViewController.swift */; };
		F9AC5C3D2ADD62660044B22B /* c5637b392e4f496b.ttf in Resources */ = {isa = PBXBuildFile; fileRef = F9AC5C3C2ADD616F0044B22B /* c5637b392e4f496b.ttf */; };
		F9AE34362B0E2FA500B445A1 /* Announcement.swift in Sources */ = {isa = PBXBuildFile; fileRef = 26A06DE62AFC01C30039813F /* Announcement.swift */; };
		F9B9CF842AF5007A009FCA26 /* DiaryDatePicker.storyboard in Resources */ = {isa = PBXBuildFile; fileRef = F9B9CF832AF5007A009FCA26 /* DiaryDatePicker.storyboard */; };
		F9CB59252B14BCC100EDFDFD /* PanModal in Frameworks */ = {isa = PBXBuildFile; productRef = F9CB59242B14BCC100EDFDFD /* PanModal */; };
		F9D1BAD42AF31E9C004A7289 /* DiaryGuide.storyboard in Resources */ = {isa = PBXBuildFile; fileRef = F9D1BAD32AF31E9C004A7289 /* DiaryGuide.storyboard */; };
		F9DCFF882AC7ED5300AF3417 /* DiaryRevise.storyboard in Resources */ = {isa = PBXBuildFile; fileRef = F9DCFF872AC7ED5300AF3417 /* DiaryRevise.storyboard */; };
		F9DCFF8A2AC7ED9F00AF3417 /* DiaryReviseViewController.swift in Sources */ = {isa = PBXBuildFile; fileRef = F9DCFF892AC7ED9F00AF3417 /* DiaryReviseViewController.swift */; };
		F9E615EE2B200723006F9A33 /* DiaryImageCollectionViewCell.swift in Sources */ = {isa = PBXBuildFile; fileRef = F9E615EC2B200723006F9A33 /* DiaryImageCollectionViewCell.swift */; };
		F9E615EF2B200723006F9A33 /* DiaryImageCollectionViewCell.xib in Resources */ = {isa = PBXBuildFile; fileRef = F9E615ED2B200723006F9A33 /* DiaryImageCollectionViewCell.xib */; };
		F9E615F22B200891006F9A33 /* DiaryImageButtonCollectionViewCell.swift in Sources */ = {isa = PBXBuildFile; fileRef = F9E615F02B200891006F9A33 /* DiaryImageButtonCollectionViewCell.swift */; };
		F9E615F32B200891006F9A33 /* DiaryImageButtonCollectionViewCell.xib in Resources */ = {isa = PBXBuildFile; fileRef = F9E615F12B200891006F9A33 /* DiaryImageButtonCollectionViewCell.xib */; };
/* End PBXBuildFile section */

/* Begin PBXFileReference section */
		2603C7ED2ADC4E7500090A9D /* MyPageViewController.swift */ = {isa = PBXFileReference; lastKnownFileType = sourcecode.swift; path = MyPageViewController.swift; sourceTree = "<group>"; };
		2603C7EF2ADC4E8A00090A9D /* MyPageStoryboard.storyboard */ = {isa = PBXFileReference; lastKnownFileType = file.storyboard; path = MyPageStoryboard.storyboard; sourceTree = "<group>"; };
		261003812AC972E2001F5E28 /* UIView+CornerRadius.swift */ = {isa = PBXFileReference; lastKnownFileType = sourcecode.swift; path = "UIView+CornerRadius.swift"; sourceTree = "<group>"; };
		261003B32AD3AF07001F5E28 /* Color.swift */ = {isa = PBXFileReference; lastKnownFileType = sourcecode.swift; path = Color.swift; sourceTree = "<group>"; };
		26215E362AB87FD300F28FBF /* Onboarding.storyboard */ = {isa = PBXFileReference; lastKnownFileType = file.storyboard; path = Onboarding.storyboard; sourceTree = "<group>"; };
		26215E3A2AB8843300F28FBF /* OnboardingViewController.swift */ = {isa = PBXFileReference; lastKnownFileType = sourcecode.swift; path = OnboardingViewController.swift; sourceTree = "<group>"; };
		26215E3D2AB895C500F28FBF /* Helper.swift */ = {isa = PBXFileReference; lastKnownFileType = sourcecode.swift; path = Helper.swift; sourceTree = "<group>"; };
		26215E3F2AB8A02600F28FBF /* LoginFirstViewController.swift */ = {isa = PBXFileReference; lastKnownFileType = sourcecode.swift; path = LoginFirstViewController.swift; sourceTree = "<group>"; };
		26215E412AB9E5B600F28FBF /* LoginSecondViewController.swift */ = {isa = PBXFileReference; lastKnownFileType = sourcecode.swift; path = LoginSecondViewController.swift; sourceTree = "<group>"; };
		26215E432AB9E5C400F28FBF /* LoginThirdViewController.swift */ = {isa = PBXFileReference; lastKnownFileType = sourcecode.swift; path = LoginThirdViewController.swift; sourceTree = "<group>"; };
		264BF3AE2B126CBD00FCFBEC /* UITextField+addLeftPadding.swift */ = {isa = PBXFileReference; lastKnownFileType = sourcecode.swift; path = "UITextField+addLeftPadding.swift"; sourceTree = "<group>"; };
		264BF3B02B1273D300FCFBEC /* PasswordRecoveryFirstViewController.swift */ = {isa = PBXFileReference; lastKnownFileType = sourcecode.swift; path = PasswordRecoveryFirstViewController.swift; sourceTree = "<group>"; };
		264BF3B22B1276FE00FCFBEC /* PasswordRecoverySecondViewController.swift */ = {isa = PBXFileReference; lastKnownFileType = sourcecode.swift; path = PasswordRecoverySecondViewController.swift; sourceTree = "<group>"; };
		264BF3B42B12770800FCFBEC /* PasswordRecoveryThirdViewController.swift */ = {isa = PBXFileReference; lastKnownFileType = sourcecode.swift; path = PasswordRecoveryThirdViewController.swift; sourceTree = "<group>"; };
		264BF3B62B12771100FCFBEC /* PasswordRecoveryFourthViewController.swift */ = {isa = PBXFileReference; lastKnownFileType = sourcecode.swift; path = PasswordRecoveryFourthViewController.swift; sourceTree = "<group>"; };
		264BF3BA2B14C9F700FCFBEC /* LoginAPI.swift */ = {isa = PBXFileReference; lastKnownFileType = sourcecode.swift; path = LoginAPI.swift; sourceTree = "<group>"; };
		264BF3BD2B14CD0400FCFBEC /* SignUpAPI.swift */ = {isa = PBXFileReference; lastKnownFileType = sourcecode.swift; path = SignUpAPI.swift; sourceTree = "<group>"; };
		264BF3BF2B15008B00FCFBEC /* ErrorResponse.swift */ = {isa = PBXFileReference; lastKnownFileType = sourcecode.swift; path = ErrorResponse.swift; sourceTree = "<group>"; };
		264BF3C12B187CB500FCFBEC /* String+Validation.swift */ = {isa = PBXFileReference; lastKnownFileType = sourcecode.swift; path = "String+Validation.swift"; sourceTree = "<group>"; };
		264BF3C32B18E80700FCFBEC /* ToastManager.swift */ = {isa = PBXFileReference; lastKnownFileType = sourcecode.swift; path = ToastManager.swift; sourceTree = "<group>"; };
		264BF3C52B19B8B500FCFBEC /* KeyChain.swift */ = {isa = PBXFileReference; lastKnownFileType = sourcecode.swift; path = KeyChain.swift; sourceTree = "<group>"; };
		2686083C2B1DDA9E00FA823E /* PasswordRecoveryService.swift */ = {isa = PBXFileReference; lastKnownFileType = sourcecode.swift; path = PasswordRecoveryService.swift; sourceTree = "<group>"; };
		2686083E2B1DDE8A00FA823E /* PasswordRecovery.swift */ = {isa = PBXFileReference; lastKnownFileType = sourcecode.swift; path = PasswordRecovery.swift; sourceTree = "<group>"; };
		268608402B1E2B7100FA823E /* UIButton+Customization.swift */ = {isa = PBXFileReference; lastKnownFileType = sourcecode.swift; path = "UIButton+Customization.swift"; sourceTree = "<group>"; };
		268608422B222C5900FA823E /* UserProfileService.swift */ = {isa = PBXFileReference; lastKnownFileType = sourcecode.swift; path = UserProfileService.swift; sourceTree = "<group>"; };
		268608442B22A44B00FA823E /* AnnouncementService.swift */ = {isa = PBXFileReference; lastKnownFileType = sourcecode.swift; path = AnnouncementService.swift; sourceTree = "<group>"; };
		268608462B2DB04300FA823E /* GPTDiaryAPI.swift */ = {isa = PBXFileReference; lastKnownFileType = sourcecode.swift; path = GPTDiaryAPI.swift; sourceTree = "<group>"; };
		2686084C2B2DC59700FA823E /* DiaryGuideWirtePageViewController.swift */ = {isa = PBXFileReference; lastKnownFileType = sourcecode.swift; path = DiaryGuideWirtePageViewController.swift; sourceTree = "<group>"; };
		2686084E2B36A0D700FA823E /* PageViewController.swift */ = {isa = PBXFileReference; lastKnownFileType = sourcecode.swift; path = PageViewController.swift; sourceTree = "<group>"; };
		268608502B3AD41600FA823E /* StepTwoCustomTextViewController.swift */ = {isa = PBXFileReference; lastKnownFileType = sourcecode.swift; path = StepTwoCustomTextViewController.swift; sourceTree = "<group>"; };
		268608522B3B0B2A00FA823E /* GPTDiaryModel.swift */ = {isa = PBXFileReference; lastKnownFileType = sourcecode.swift; path = GPTDiaryModel.swift; sourceTree = "<group>"; };
		268608542B4561AC00FA823E /* Delegate.swift */ = {isa = PBXFileReference; lastKnownFileType = sourcecode.swift; path = Delegate.swift; sourceTree = "<group>"; };
		269AED412ADDA715009EADA2 /* Page.swift */ = {isa = PBXFileReference; lastKnownFileType = sourcecode.swift; path = Page.swift; sourceTree = "<group>"; };
		269AED432ADDA805009EADA2 /* PageCell.swift */ = {isa = PBXFileReference; lastKnownFileType = sourcecode.swift; path = PageCell.swift; sourceTree = "<group>"; };
		269AED452AE119D7009EADA2 /* ProfileEditViewController.swift */ = {isa = PBXFileReference; lastKnownFileType = sourcecode.swift; path = ProfileEditViewController.swift; sourceTree = "<group>"; };
		269AED4A2AE3BA00009EADA2 /* SignUp.swift */ = {isa = PBXFileReference; lastKnownFileType = sourcecode.swift; path = SignUp.swift; sourceTree = "<group>"; };
		269AED4C2AE3BAF3009EADA2 /* Login.swift */ = {isa = PBXFileReference; lastKnownFileType = sourcecode.swift; path = Login.swift; sourceTree = "<group>"; };
		269AED4E2AE3CFF1009EADA2 /* UserProfile.swift */ = {isa = PBXFileReference; lastKnownFileType = sourcecode.swift; path = UserProfile.swift; sourceTree = "<group>"; };
		269AED822AE7B8FA009EADA2 /* AnnouncementViewController.swift */ = {isa = PBXFileReference; lastKnownFileType = sourcecode.swift; path = AnnouncementViewController.swift; sourceTree = "<group>"; };
		26A06DE02AFA27610039813F /* AlertViewController.swift */ = {isa = PBXFileReference; lastKnownFileType = sourcecode.swift; path = AlertViewController.swift; sourceTree = "<group>"; };
		26A06DE12AFA27610039813F /* AlertViewController.xib */ = {isa = PBXFileReference; lastKnownFileType = file.xib; path = AlertViewController.xib; sourceTree = "<group>"; };
		26A06DE42AFC01580039813F /* AnnouncementTableViewCell.swift */ = {isa = PBXFileReference; lastKnownFileType = sourcecode.swift; path = AnnouncementTableViewCell.swift; sourceTree = "<group>"; };
		26A06DE62AFC01C30039813F /* Announcement.swift */ = {isa = PBXFileReference; lastKnownFileType = sourcecode.swift; path = Announcement.swift; sourceTree = "<group>"; };
		26F2D8DA2B5AA87C00EAD813 /* SseEventHandler.swift */ = {isa = PBXFileReference; lastKnownFileType = sourcecode.swift; path = SseEventHandler.swift; sourceTree = "<group>"; };
		26F2D8DE2B5BA8D600EAD813 /* DiaryAPI.swift */ = {isa = PBXFileReference; lastKnownFileType = sourcecode.swift; path = DiaryAPI.swift; sourceTree = "<group>"; };
		26F2D8E02B5BAF8600EAD813 /* DiaryImageAPI.swift */ = {isa = PBXFileReference; lastKnownFileType = sourcecode.swift; path = DiaryImageAPI.swift; sourceTree = "<group>"; };
		F907437F2AB73CAD00F7C503 /* Diary.storyboard */ = {isa = PBXFileReference; lastKnownFileType = file.storyboard; path = Diary.storyboard; sourceTree = "<group>"; };
		F90743812AB73CBF00F7C503 /* DiaryViewController.swift */ = {isa = PBXFileReference; lastKnownFileType = sourcecode.swift; path = DiaryViewController.swift; sourceTree = "<group>"; };
		F90CDEA92ABFF947008ED1A2 /* StepOneTableViewCell.swift */ = {isa = PBXFileReference; lastKnownFileType = sourcecode.swift; path = StepOneTableViewCell.swift; sourceTree = "<group>"; };
		F90CDEAA2ABFF947008ED1A2 /* StepOneTableViewCell.xib */ = {isa = PBXFileReference; lastKnownFileType = file.xib; path = StepOneTableViewCell.xib; sourceTree = "<group>"; };
		F90E463C2AB9E0E800E8C0BD /* DiarySendNameViewController.swift */ = {isa = PBXFileReference; lastKnownFileType = sourcecode.swift; path = DiarySendNameViewController.swift; sourceTree = "<group>"; };
		F933D89B2AB73982006EDA07 /* meommu-iOS.app */ = {isa = PBXFileReference; explicitFileType = wrapper.application; includeInIndex = 0; path = "meommu-iOS.app"; sourceTree = BUILT_PRODUCTS_DIR; };
		F933D89E2AB73982006EDA07 /* AppDelegate.swift */ = {isa = PBXFileReference; lastKnownFileType = sourcecode.swift; path = AppDelegate.swift; sourceTree = "<group>"; };
		F933D8A02AB73982006EDA07 /* SceneDelegate.swift */ = {isa = PBXFileReference; lastKnownFileType = sourcecode.swift; path = SceneDelegate.swift; sourceTree = "<group>"; };
		F933D8A22AB73982006EDA07 /* LoginViewController.swift */ = {isa = PBXFileReference; lastKnownFileType = sourcecode.swift; path = LoginViewController.swift; sourceTree = "<group>"; };
		F933D8A52AB73982006EDA07 /* Base */ = {isa = PBXFileReference; lastKnownFileType = file.storyboard; name = Base; path = Base.lproj/Login.storyboard; sourceTree = "<group>"; };
		F933D8AA2AB73983006EDA07 /* Base */ = {isa = PBXFileReference; lastKnownFileType = file.storyboard; name = Base; path = Base.lproj/LaunchScreen.storyboard; sourceTree = "<group>"; };
		F933D8AC2AB73983006EDA07 /* Info.plist */ = {isa = PBXFileReference; lastKnownFileType = text.plist.xml; path = Info.plist; sourceTree = "<group>"; };
		F937BCF82ABC655300D60041 /* StepOneViewController.swift */ = {isa = PBXFileReference; lastKnownFileType = sourcecode.swift; path = StepOneViewController.swift; sourceTree = "<group>"; };
		F93D6FA62AB964FD00591C21 /* HUScribble150.otf */ = {isa = PBXFileReference; lastKnownFileType = file; path = HUScribble150.otf; sourceTree = "<group>"; };
		F93D6FA72AB974EF00591C21 /* DiaryWrite.storyboard */ = {isa = PBXFileReference; lastKnownFileType = file.storyboard; path = DiaryWrite.storyboard; sourceTree = "<group>"; };
		F93D6FA92AB9750400591C21 /* DiaryWriteViewController.swift */ = {isa = PBXFileReference; lastKnownFileType = sourcecode.swift; path = DiaryWriteViewController.swift; sourceTree = "<group>"; };
		F948D84E2AC15A8D00F965E6 /* DiaryDetailViewController.swift */ = {isa = PBXFileReference; lastKnownFileType = sourcecode.swift; path = DiaryDetailViewController.swift; sourceTree = "<group>"; };
		F94A093B2B13698F00786C12 /* DiarySendModel.swift */ = {isa = PBXFileReference; lastKnownFileType = sourcecode.swift; path = DiarySendModel.swift; sourceTree = "<group>"; };
		F94A093F2B136D5C00786C12 /* DiaryImageModel.swift */ = {isa = PBXFileReference; fileEncoding = 4; lastKnownFileType = sourcecode.swift; path = DiaryImageModel.swift; sourceTree = "<group>"; };
		F9592C362B2033CA00B17A25 /* DiaryImageEmptyCollectionViewCell.swift */ = {isa = PBXFileReference; lastKnownFileType = sourcecode.swift; path = DiaryImageEmptyCollectionViewCell.swift; sourceTree = "<group>"; };
		F9592C372B2033CA00B17A25 /* DiaryImageEmptyCollectionViewCell.xib */ = {isa = PBXFileReference; lastKnownFileType = file.xib; path = DiaryImageEmptyCollectionViewCell.xib; sourceTree = "<group>"; };
		F959A14D2AB8105F009D90A8 /* DiaryMainEmptyTableViewCell.swift */ = {isa = PBXFileReference; lastKnownFileType = sourcecode.swift; path = DiaryMainEmptyTableViewCell.swift; sourceTree = "<group>"; };
		F959A14E2AB8105F009D90A8 /* DiaryMainEmptyTableViewCell.xib */ = {isa = PBXFileReference; lastKnownFileType = file.xib; path = DiaryMainEmptyTableViewCell.xib; sourceTree = "<group>"; };
		F959A1522AB8157E009D90A8 /* DiaryModel.swift */ = {isa = PBXFileReference; lastKnownFileType = sourcecode.swift; path = DiaryModel.swift; sourceTree = "<group>"; };
		F96F32592B1022AD00EA4F67 /* DiaryMonthPicker.storyboard */ = {isa = PBXFileReference; lastKnownFileType = file.storyboard; path = DiaryMonthPicker.storyboard; sourceTree = "<group>"; };
		F979D7A52AB7DFDF00C52C47 /* DiaryMainTableViewCell.swift */ = {isa = PBXFileReference; lastKnownFileType = sourcecode.swift; path = DiaryMainTableViewCell.swift; sourceTree = "<group>"; };
		F979D7A62AB7DFDF00C52C47 /* DiaryMainTableViewCell.xib */ = {isa = PBXFileReference; lastKnownFileType = file.xib; path = DiaryMainTableViewCell.xib; sourceTree = "<group>"; };
		F9866C3E2ADE12AE00744164 /* Assets.xcassets */ = {isa = PBXFileReference; lastKnownFileType = folder.assetcatalog; path = Assets.xcassets; sourceTree = "<group>"; };
		F991C3CF2B18BD6A00A4847B /* DiaryMonthPickerViewController.swift */ = {isa = PBXFileReference; lastKnownFileType = sourcecode.swift; path = DiaryMonthPickerViewController.swift; sourceTree = "<group>"; };
		F991C3D32B18BF8B00A4847B /* DiaryMonthPickerCollectionViewCell.swift */ = {isa = PBXFileReference; lastKnownFileType = sourcecode.swift; path = DiaryMonthPickerCollectionViewCell.swift; sourceTree = "<group>"; };
		F991C3D42B18BF8B00A4847B /* DiaryMonthPickerCollectionViewCell.xib */ = {isa = PBXFileReference; lastKnownFileType = file.xib; path = DiaryMonthPickerCollectionViewCell.xib; sourceTree = "<group>"; };
		F99368432AF9C79800999521 /* DiaryDatePickerCollectionViewCell.swift */ = {isa = PBXFileReference; lastKnownFileType = sourcecode.swift; path = DiaryDatePickerCollectionViewCell.swift; sourceTree = "<group>"; };
		F99368442AF9C79800999521 /* DiaryDatePickerCollectionViewCell.xib */ = {isa = PBXFileReference; lastKnownFileType = file.xib; path = DiaryDatePickerCollectionViewCell.xib; sourceTree = "<group>"; };
		F9947A152AC265D7000F11BD /* StepTwoViewController.swift */ = {isa = PBXFileReference; lastKnownFileType = sourcecode.swift; path = StepTwoViewController.swift; sourceTree = "<group>"; };
		F9947A172AC2678E000F11BD /* StepTwoTableViewCell.swift */ = {isa = PBXFileReference; lastKnownFileType = sourcecode.swift; path = StepTwoTableViewCell.swift; sourceTree = "<group>"; };
		F9947A182AC2678E000F11BD /* StepTwoTableViewCell.xib */ = {isa = PBXFileReference; lastKnownFileType = file.xib; path = StepTwoTableViewCell.xib; sourceTree = "<group>"; };
		F9A69E2C2ACCEDA70048FC04 /* StepThreeViewController.swift */ = {isa = PBXFileReference; lastKnownFileType = sourcecode.swift; path = StepThreeViewController.swift; sourceTree = "<group>"; };
		F9AC5C3C2ADD616F0044B22B /* c5637b392e4f496b.ttf */ = {isa = PBXFileReference; lastKnownFileType = file; path = c5637b392e4f496b.ttf; sourceTree = "<group>"; };
		F9B9CF832AF5007A009FCA26 /* DiaryDatePicker.storyboard */ = {isa = PBXFileReference; lastKnownFileType = file.storyboard; path = DiaryDatePicker.storyboard; sourceTree = "<group>"; };
		F9D1BAD32AF31E9C004A7289 /* DiaryGuide.storyboard */ = {isa = PBXFileReference; lastKnownFileType = file.storyboard; path = DiaryGuide.storyboard; sourceTree = "<group>"; };
		F9DCFF872AC7ED5300AF3417 /* DiaryRevise.storyboard */ = {isa = PBXFileReference; lastKnownFileType = file.storyboard; path = DiaryRevise.storyboard; sourceTree = "<group>"; };
		F9DCFF892AC7ED9F00AF3417 /* DiaryReviseViewController.swift */ = {isa = PBXFileReference; lastKnownFileType = sourcecode.swift; path = DiaryReviseViewController.swift; sourceTree = "<group>"; };
		F9E615EC2B200723006F9A33 /* DiaryImageCollectionViewCell.swift */ = {isa = PBXFileReference; lastKnownFileType = sourcecode.swift; path = DiaryImageCollectionViewCell.swift; sourceTree = "<group>"; };
		F9E615ED2B200723006F9A33 /* DiaryImageCollectionViewCell.xib */ = {isa = PBXFileReference; lastKnownFileType = file.xib; path = DiaryImageCollectionViewCell.xib; sourceTree = "<group>"; };
		F9E615F02B200891006F9A33 /* DiaryImageButtonCollectionViewCell.swift */ = {isa = PBXFileReference; lastKnownFileType = sourcecode.swift; path = DiaryImageButtonCollectionViewCell.swift; sourceTree = "<group>"; };
		F9E615F12B200891006F9A33 /* DiaryImageButtonCollectionViewCell.xib */ = {isa = PBXFileReference; lastKnownFileType = file.xib; path = DiaryImageButtonCollectionViewCell.xib; sourceTree = "<group>"; };
/* End PBXFileReference section */

/* Begin PBXFrameworksBuildPhase section */
		F933D8982AB73982006EDA07 /* Frameworks */ = {
			isa = PBXFrameworksBuildPhase;
			buildActionMask = 2147483647;
			files = (
				F98888612AFD2219006AB274 /* Alamofire in Frameworks */,
				F94A09432B13755900786C12 /* AlamofireImage in Frameworks */,
				26F2D8D92B5AA71200EAD813 /* LDSwiftEventSource in Frameworks */,
				F9CB59252B14BCC100EDFDFD /* PanModal in Frameworks */,
			);
			runOnlyForDeploymentPostprocessing = 0;
		};
/* End PBXFrameworksBuildPhase section */

/* Begin PBXGroup section */
		2603C7E82ADC4DB000090A9D /* MyPage */ = {
			isa = PBXGroup;
			children = (
				269AED3E2ADDA679009EADA2 /* Model */,
				2603C7EC2ADC4E2600090A9D /* Controller */,
				2603C7EB2ADC4E1B00090A9D /* View */,
			);
			path = MyPage;
			sourceTree = "<group>";
		};
		2603C7EB2ADC4E1B00090A9D /* View */ = {
			isa = PBXGroup;
			children = (
				269AED432ADDA805009EADA2 /* PageCell.swift */,
				26A06DE12AFA27610039813F /* AlertViewController.xib */,
				2603C7EF2ADC4E8A00090A9D /* MyPageStoryboard.storyboard */,
				26A06DE42AFC01580039813F /* AnnouncementTableViewCell.swift */,
			);
			path = View;
			sourceTree = "<group>";
		};
		2603C7EC2ADC4E2600090A9D /* Controller */ = {
			isa = PBXGroup;
			children = (
				2603C7ED2ADC4E7500090A9D /* MyPageViewController.swift */,
				269AED452AE119D7009EADA2 /* ProfileEditViewController.swift */,
				269AED822AE7B8FA009EADA2 /* AnnouncementViewController.swift */,
				26A06DE02AFA27610039813F /* AlertViewController.swift */,
			);
			path = Controller;
			sourceTree = "<group>";
		};
		26215E352AB87F9B00F28FBF /* Onboarding */ = {
			isa = PBXGroup;
			children = (
				26215E382AB883F600F28FBF /* View */,
				26215E392AB8840200F28FBF /* Controller */,
			);
			path = Onboarding;
			sourceTree = "<group>";
		};
		26215E382AB883F600F28FBF /* View */ = {
			isa = PBXGroup;
			children = (
				26215E362AB87FD300F28FBF /* Onboarding.storyboard */,
			);
			path = View;
			sourceTree = "<group>";
		};
		26215E392AB8840200F28FBF /* Controller */ = {
			isa = PBXGroup;
			children = (
				26215E3A2AB8843300F28FBF /* OnboardingViewController.swift */,
			);
			path = Controller;
			sourceTree = "<group>";
		};
		26215E3C2AB895AD00F28FBF /* Helper */ = {
			isa = PBXGroup;
			children = (
				26215E3D2AB895C500F28FBF /* Helper.swift */,
				261003812AC972E2001F5E28 /* UIView+CornerRadius.swift */,
				261003B32AD3AF07001F5E28 /* Color.swift */,
				264BF3AE2B126CBD00FCFBEC /* UITextField+addLeftPadding.swift */,
				264BF3BF2B15008B00FCFBEC /* ErrorResponse.swift */,
				264BF3C12B187CB500FCFBEC /* String+Validation.swift */,
				268608402B1E2B7100FA823E /* UIButton+Customization.swift */,
				264BF3C32B18E80700FCFBEC /* ToastManager.swift */,
				264BF3C52B19B8B500FCFBEC /* KeyChain.swift */,
				268608542B4561AC00FA823E /* Delegate.swift */,
			);
			path = Helper;
			sourceTree = "<group>";
		};
		269AED3E2ADDA679009EADA2 /* Model */ = {
			isa = PBXGroup;
			children = (
				269AED412ADDA715009EADA2 /* Page.swift */,
				269AED4E2AE3CFF1009EADA2 /* UserProfile.swift */,
				268608422B222C5900FA823E /* UserProfileService.swift */,
				26A06DE62AFC01C30039813F /* Announcement.swift */,
				268608442B22A44B00FA823E /* AnnouncementService.swift */,
			);
			path = Model;
			sourceTree = "<group>";
		};
		269AED472AE3AE33009EADA2 /* Model */ = {
			isa = PBXGroup;
			children = (
				269AED4A2AE3BA00009EADA2 /* SignUp.swift */,
				269AED4C2AE3BAF3009EADA2 /* Login.swift */,
				2686083E2B1DDE8A00FA823E /* PasswordRecovery.swift */,
				264BF3BA2B14C9F700FCFBEC /* LoginAPI.swift */,
				264BF3BD2B14CD0400FCFBEC /* SignUpAPI.swift */,
				2686083C2B1DDA9E00FA823E /* PasswordRecoveryService.swift */,
			);
			path = Model;
			sourceTree = "<group>";
		};
		F90743792AB73BFF00F7C503 /* Login */ = {
			isa = PBXGroup;
			children = (
				269AED472AE3AE33009EADA2 /* Model */,
				F907437A2AB73C0900F7C503 /* View */,
				F907437B2AB73C4C00F7C503 /* Controller */,
			);
			path = Login;
			sourceTree = "<group>";
		};
		F907437A2AB73C0900F7C503 /* View */ = {
			isa = PBXGroup;
			children = (
				F933D8A42AB73982006EDA07 /* Login.storyboard */,
			);
			path = View;
			sourceTree = "<group>";
		};
		F907437B2AB73C4C00F7C503 /* Controller */ = {
			isa = PBXGroup;
			children = (
				26215E3F2AB8A02600F28FBF /* LoginFirstViewController.swift */,
				26215E412AB9E5B600F28FBF /* LoginSecondViewController.swift */,
				26215E432AB9E5C400F28FBF /* LoginThirdViewController.swift */,
				F933D8A22AB73982006EDA07 /* LoginViewController.swift */,
				264BF3B02B1273D300FCFBEC /* PasswordRecoveryFirstViewController.swift */,
				264BF3B22B1276FE00FCFBEC /* PasswordRecoverySecondViewController.swift */,
				264BF3B42B12770800FCFBEC /* PasswordRecoveryThirdViewController.swift */,
				264BF3B62B12771100FCFBEC /* PasswordRecoveryFourthViewController.swift */,
			);
			path = Controller;
			sourceTree = "<group>";
		};
		F907437C2AB73C6700F7C503 /* Diary */ = {
			isa = PBXGroup;
			children = (
				F959A1512AB81561009D90A8 /* Model */,
				F979D7A42AB7DFC300C52C47 /* Cell */,
				F907437D2AB73C7400F7C503 /* View */,
				F907437E2AB73C7F00F7C503 /* Controller */,
			);
			path = Diary;
			sourceTree = "<group>";
		};
		F907437D2AB73C7400F7C503 /* View */ = {
			isa = PBXGroup;
			children = (
				F9BC8E782ABC0EA6000D90D1 /* BottomSheet */,
				F907437F2AB73CAD00F7C503 /* Diary.storyboard */,
				F93D6FA72AB974EF00591C21 /* DiaryWrite.storyboard */,
			);
			path = View;
			sourceTree = "<group>";
		};
		F907437E2AB73C7F00F7C503 /* Controller */ = {
			isa = PBXGroup;
			children = (
				F9BC8E7B2ABC0EBC000D90D1 /* BottomSheet */,
				F90743812AB73CBF00F7C503 /* DiaryViewController.swift */,
				F948D84E2AC15A8D00F965E6 /* DiaryDetailViewController.swift */,
				F90E463C2AB9E0E800E8C0BD /* DiarySendNameViewController.swift */,
				F93D6FA92AB9750400591C21 /* DiaryWriteViewController.swift */,
			);
			path = Controller;
			sourceTree = "<group>";
		};
		F90CDEA82ABFF910008ED1A2 /* BottomSheet */ = {
			isa = PBXGroup;
			children = (
				F90CDEA92ABFF947008ED1A2 /* StepOneTableViewCell.swift */,
				F90CDEAA2ABFF947008ED1A2 /* StepOneTableViewCell.xib */,
				F9947A172AC2678E000F11BD /* StepTwoTableViewCell.swift */,
				F9947A182AC2678E000F11BD /* StepTwoTableViewCell.xib */,
				F99368432AF9C79800999521 /* DiaryDatePickerCollectionViewCell.swift */,
				F99368442AF9C79800999521 /* DiaryDatePickerCollectionViewCell.xib */,
			);
			path = BottomSheet;
			sourceTree = "<group>";
		};
		F933D8922AB73982006EDA07 = {
			isa = PBXGroup;
			children = (
				F933D89D2AB73982006EDA07 /* meommu-iOS */,
				F933D89C2AB73982006EDA07 /* Products */,
			);
			sourceTree = "<group>";
		};
		F933D89C2AB73982006EDA07 /* Products */ = {
			isa = PBXGroup;
			children = (
				F933D89B2AB73982006EDA07 /* meommu-iOS.app */,
			);
			name = Products;
			sourceTree = "<group>";
		};
		F933D89D2AB73982006EDA07 /* meommu-iOS */ = {
			isa = PBXGroup;
			children = (
				26215E3C2AB895AD00F28FBF /* Helper */,
				26215E352AB87F9B00F28FBF /* Onboarding */,
				F90743792AB73BFF00F7C503 /* Login */,
				F907437C2AB73C6700F7C503 /* Diary */,
				2603C7E82ADC4DB000090A9D /* MyPage */,
				F933D89E2AB73982006EDA07 /* AppDelegate.swift */,
				F933D8A02AB73982006EDA07 /* SceneDelegate.swift */,
				F933D8A92AB73983006EDA07 /* LaunchScreen.storyboard */,
				F9AC5C3C2ADD616F0044B22B /* c5637b392e4f496b.ttf */,
				F93D6FA62AB964FD00591C21 /* HUScribble150.otf */,
				F933D8AC2AB73983006EDA07 /* Info.plist */,
				F9866C3E2ADE12AE00744164 /* Assets.xcassets */,
			);
			path = "meommu-iOS";
			sourceTree = "<group>";
		};
		F959A1512AB81561009D90A8 /* Model */ = {
			isa = PBXGroup;
			children = (
				F94A093F2B136D5C00786C12 /* DiaryImageModel.swift */,
				F959A1522AB8157E009D90A8 /* DiaryModel.swift */,
				268608522B3B0B2A00FA823E /* GPTDiaryModel.swift */,
				F94A093B2B13698F00786C12 /* DiarySendModel.swift */,
				26F2D8DE2B5BA8D600EAD813 /* DiaryAPI.swift */,
				26F2D8E02B5BAF8600EAD813 /* DiaryImageAPI.swift */,
				268608462B2DB04300FA823E /* GPTDiaryAPI.swift */,
				26F2D8DA2B5AA87C00EAD813 /* SseEventHandler.swift */,
			);
			path = Model;
			sourceTree = "<group>";
		};
		F979D7A42AB7DFC300C52C47 /* Cell */ = {
			isa = PBXGroup;
			children = (
				F90CDEA82ABFF910008ED1A2 /* BottomSheet */,
				F979D7A52AB7DFDF00C52C47 /* DiaryMainTableViewCell.swift */,
				F979D7A62AB7DFDF00C52C47 /* DiaryMainTableViewCell.xib */,
				F959A14D2AB8105F009D90A8 /* DiaryMainEmptyTableViewCell.swift */,
				F959A14E2AB8105F009D90A8 /* DiaryMainEmptyTableViewCell.xib */,
				F991C3D32B18BF8B00A4847B /* DiaryMonthPickerCollectionViewCell.swift */,
				F991C3D42B18BF8B00A4847B /* DiaryMonthPickerCollectionViewCell.xib */,
				F9E615EC2B200723006F9A33 /* DiaryImageCollectionViewCell.swift */,
				F9E615ED2B200723006F9A33 /* DiaryImageCollectionViewCell.xib */,
				F9E615F02B200891006F9A33 /* DiaryImageButtonCollectionViewCell.swift */,
				F9E615F12B200891006F9A33 /* DiaryImageButtonCollectionViewCell.xib */,
				F9592C362B2033CA00B17A25 /* DiaryImageEmptyCollectionViewCell.swift */,
				F9592C372B2033CA00B17A25 /* DiaryImageEmptyCollectionViewCell.xib */,
			);
			path = Cell;
			sourceTree = "<group>";
		};
		F9BC8E782ABC0EA6000D90D1 /* BottomSheet */ = {
			isa = PBXGroup;
			children = (
				F9D1BAD32AF31E9C004A7289 /* DiaryGuide.storyboard */,
				F9DCFF872AC7ED5300AF3417 /* DiaryRevise.storyboard */,
				F9B9CF832AF5007A009FCA26 /* DiaryDatePicker.storyboard */,
				F96F32592B1022AD00EA4F67 /* DiaryMonthPicker.storyboard */,
			);
			path = BottomSheet;
			sourceTree = "<group>";
		};
		F9BC8E7B2ABC0EBC000D90D1 /* BottomSheet */ = {
			isa = PBXGroup;
			children = (
				2686084E2B36A0D700FA823E /* PageViewController.swift */,
				F937BCF82ABC655300D60041 /* StepOneViewController.swift */,
				F9947A152AC265D7000F11BD /* StepTwoViewController.swift */,
				268608502B3AD41600FA823E /* StepTwoCustomTextViewController.swift */,
				F9A69E2C2ACCEDA70048FC04 /* StepThreeViewController.swift */,
				F9DCFF892AC7ED9F00AF3417 /* DiaryReviseViewController.swift */,
				F991C3CF2B18BD6A00A4847B /* DiaryMonthPickerViewController.swift */,
				2686084C2B2DC59700FA823E /* DiaryGuideWirtePageViewController.swift */,
			);
			path = BottomSheet;
			sourceTree = "<group>";
		};
/* End PBXGroup section */

/* Begin PBXNativeTarget section */
		F933D89A2AB73982006EDA07 /* meommu-iOS */ = {
			isa = PBXNativeTarget;
			buildConfigurationList = F933D8AF2AB73983006EDA07 /* Build configuration list for PBXNativeTarget "meommu-iOS" */;
			buildPhases = (
				F933D8972AB73982006EDA07 /* Sources */,
				F933D8982AB73982006EDA07 /* Frameworks */,
				F933D8992AB73982006EDA07 /* Resources */,
			);
			buildRules = (
			);
			dependencies = (
			);
			name = "meommu-iOS";
			packageProductDependencies = (
				F98888602AFD2219006AB274 /* Alamofire */,
				F94A09422B13755900786C12 /* AlamofireImage */,
				F9CB59242B14BCC100EDFDFD /* PanModal */,
				26F2D8D82B5AA71200EAD813 /* LDSwiftEventSource */,
			);
			productName = "meommu-iOS";
			productReference = F933D89B2AB73982006EDA07 /* meommu-iOS.app */;
			productType = "com.apple.product-type.application";
		};
/* End PBXNativeTarget section */

/* Begin PBXProject section */
		F933D8932AB73982006EDA07 /* Project object */ = {
			isa = PBXProject;
			attributes = {
				BuildIndependentTargetsInParallel = 1;
				LastSwiftUpdateCheck = 1430;
				LastUpgradeCheck = 1430;
				TargetAttributes = {
					F933D89A2AB73982006EDA07 = {
						CreatedOnToolsVersion = 14.3.1;
					};
				};
			};
			buildConfigurationList = F933D8962AB73982006EDA07 /* Build configuration list for PBXProject "meommu-iOS" */;
			compatibilityVersion = "Xcode 14.0";
			developmentRegion = en;
			hasScannedForEncodings = 0;
			knownRegions = (
				en,
				Base,
			);
			mainGroup = F933D8922AB73982006EDA07;
			packageReferences = (
				F988885F2AFD2219006AB274 /* XCRemoteSwiftPackageReference "Alamofire" */,
				F94A09412B13755900786C12 /* XCRemoteSwiftPackageReference "AlamofireImage" */,
				F9CB59232B14BCC100EDFDFD /* XCRemoteSwiftPackageReference "PanModal" */,
				26F2D8D72B5AA71200EAD813 /* XCRemoteSwiftPackageReference "swift-eventsource" */,
			);
			productRefGroup = F933D89C2AB73982006EDA07 /* Products */;
			projectDirPath = "";
			projectRoot = "";
			targets = (
				F933D89A2AB73982006EDA07 /* meommu-iOS */,
			);
		};
/* End PBXProject section */

/* Begin PBXResourcesBuildPhase section */
		F933D8992AB73982006EDA07 /* Resources */ = {
			isa = PBXResourcesBuildPhase;
			buildActionMask = 2147483647;
			files = (
				F9AC5C3D2ADD62660044B22B /* c5637b392e4f496b.ttf in Resources */,
				F9DCFF882AC7ED5300AF3417 /* DiaryRevise.storyboard in Resources */,
				F9E615EF2B200723006F9A33 /* DiaryImageCollectionViewCell.xib in Resources */,
				F9866C3F2ADE12AE00744164 /* Assets.xcassets in Resources */,
				F9D1BAD42AF31E9C004A7289 /* DiaryGuide.storyboard in Resources */,
				F9947A1A2AC2678E000F11BD /* StepTwoTableViewCell.xib in Resources */,
				F9E615F32B200891006F9A33 /* DiaryImageButtonCollectionViewCell.xib in Resources */,
				F959A1502AB8105F009D90A8 /* DiaryMainEmptyTableViewCell.xib in Resources */,
				2603C7F02ADC4E8A00090A9D /* MyPageStoryboard.storyboard in Resources */,
				F991C3D62B18BF8B00A4847B /* DiaryMonthPickerCollectionViewCell.xib in Resources */,
				F90743802AB73CAD00F7C503 /* Diary.storyboard in Resources */,
				26215E372AB87FD300F28FBF /* Onboarding.storyboard in Resources */,
				F933D8AB2AB73983006EDA07 /* LaunchScreen.storyboard in Resources */,
				F93D6FA82AB974EF00591C21 /* DiaryWrite.storyboard in Resources */,
				F979D7A82AB7DFDF00C52C47 /* DiaryMainTableViewCell.xib in Resources */,
				F90CDEAC2ABFF947008ED1A2 /* StepOneTableViewCell.xib in Resources */,
				F99368462AF9C79800999521 /* DiaryDatePickerCollectionViewCell.xib in Resources */,
				F9B9CF842AF5007A009FCA26 /* DiaryDatePicker.storyboard in Resources */,
				F933D8A62AB73982006EDA07 /* Login.storyboard in Resources */,
				F9592C392B2033CA00B17A25 /* DiaryImageEmptyCollectionViewCell.xib in Resources */,
				26A06DE32AFA27610039813F /* AlertViewController.xib in Resources */,
				F96F325A2B1022AD00EA4F67 /* DiaryMonthPicker.storyboard in Resources */,
			);
			runOnlyForDeploymentPostprocessing = 0;
		};
/* End PBXResourcesBuildPhase section */

/* Begin PBXSourcesBuildPhase section */
		F933D8972AB73982006EDA07 /* Sources */ = {
			isa = PBXSourcesBuildPhase;
			buildActionMask = 2147483647;
			files = (
				F9947A192AC2678E000F11BD /* StepTwoTableViewCell.swift in Sources */,
				264BF3B12B1273D300FCFBEC /* PasswordRecoveryFirstViewController.swift in Sources */,
				F90743822AB73CBF00F7C503 /* DiaryViewController.swift in Sources */,
				268608532B3B0B2A00FA823E /* GPTDiaryModel.swift in Sources */,
				2686083F2B1DDE8A00FA823E /* PasswordRecovery.swift in Sources */,
				264BF3C22B187CB500FCFBEC /* String+Validation.swift in Sources */,
				268608432B222C5900FA823E /* UserProfileService.swift in Sources */,
				264BF3AF2B126CBD00FCFBEC /* UITextField+addLeftPadding.swift in Sources */,
				F9E615EE2B200723006F9A33 /* DiaryImageCollectionViewCell.swift in Sources */,
				F9592C382B2033CA00B17A25 /* DiaryImageEmptyCollectionViewCell.swift in Sources */,
				F948D84F2AC15A8D00F965E6 /* DiaryDetailViewController.swift in Sources */,
				F933D8A32AB73982006EDA07 /* LoginViewController.swift in Sources */,
				2686083D2B1DDA9E00FA823E /* PasswordRecoveryService.swift in Sources */,
				261003B42AD3AF07001F5E28 /* Color.swift in Sources */,
				269AED4F2AE3CFF1009EADA2 /* UserProfile.swift in Sources */,
				26215E3B2AB8843300F28FBF /* OnboardingViewController.swift in Sources */,
				F94A093C2B13698F00786C12 /* DiarySendModel.swift in Sources */,
				2686084D2B2DC59700FA823E /* DiaryGuideWirtePageViewController.swift in Sources */,
				264BF3C02B15008B00FCFBEC /* ErrorResponse.swift in Sources */,
				264BF3B32B1276FE00FCFBEC /* PasswordRecoverySecondViewController.swift in Sources */,
				264BF3BC2B14CCDC00FCFBEC /* SignUp.swift in Sources */,
				268608552B4561AC00FA823E /* Delegate.swift in Sources */,
				F9DCFF8A2AC7ED9F00AF3417 /* DiaryReviseViewController.swift in Sources */,
				268608452B22A44C00FA823E /* AnnouncementService.swift in Sources */,
				F991C3D52B18BF8B00A4847B /* DiaryMonthPickerCollectionViewCell.swift in Sources */,
				F959A14F2AB8105F009D90A8 /* DiaryMainEmptyTableViewCell.swift in Sources */,
				264BF3BB2B14C9F700FCFBEC /* LoginAPI.swift in Sources */,
				F933D89F2AB73982006EDA07 /* AppDelegate.swift in Sources */,
				F959853D2B0F5C1B001F28F1 /* AnnouncementViewController.swift in Sources */,
				26215E402AB8A02600F28FBF /* LoginFirstViewController.swift in Sources */,
				F937BCF92ABC655300D60041 /* StepOneViewController.swift in Sources */,
				264BF3B72B12771100FCFBEC /* PasswordRecoveryFourthViewController.swift in Sources */,
				F90CDEAB2ABFF947008ED1A2 /* StepOneTableViewCell.swift in Sources */,
				269AED462AE119D7009EADA2 /* ProfileEditViewController.swift in Sources */,
				26A06DE52AFC01580039813F /* AnnouncementTableViewCell.swift in Sources */,
				26F2D8E12B5BAF8600EAD813 /* DiaryImageAPI.swift in Sources */,
				F9AE34362B0E2FA500B445A1 /* Announcement.swift in Sources */,
				F991C3D02B18BD6A00A4847B /* DiaryMonthPickerViewController.swift in Sources */,
				F959853E2B0F5C2F001F28F1 /* PageCell.swift in Sources */,
				F979D7A72AB7DFDF00C52C47 /* DiaryMainTableViewCell.swift in Sources */,
				F9947A162AC265D7000F11BD /* StepTwoViewController.swift in Sources */,
				F94A09402B136D5C00786C12 /* DiaryImageModel.swift in Sources */,
				F99368452AF9C79800999521 /* DiaryDatePickerCollectionViewCell.swift in Sources */,
				26F2D8DF2B5BA8D600EAD813 /* DiaryAPI.swift in Sources */,
				F93D6FAA2AB9750400591C21 /* DiaryWriteViewController.swift in Sources */,
				264BF3C42B18E80700FCFBEC /* ToastManager.swift in Sources */,
				F90E463D2AB9E0E800E8C0BD /* DiarySendNameViewController.swift in Sources */,
				F933D8A12AB73982006EDA07 /* SceneDelegate.swift in Sources */,
				26215E442AB9E5C400F28FBF /* LoginThirdViewController.swift in Sources */,
				2686084F2B36A0D700FA823E /* PageViewController.swift in Sources */,
				F959853F2B0F5C31001F28F1 /* AlertViewController.swift in Sources */,
				26215E422AB9E5B600F28FBF /* LoginSecondViewController.swift in Sources */,
				268608512B3AD41600FA823E /* StepTwoCustomTextViewController.swift in Sources */,
				26215E3E2AB895C500F28FBF /* Helper.swift in Sources */,
				F9E615F22B200891006F9A33 /* DiaryImageButtonCollectionViewCell.swift in Sources */,
				26F2D8DB2B5AA87C00EAD813 /* SseEventHandler.swift in Sources */,
				264BF3C62B19B8B500FCFBEC /* KeyChain.swift in Sources */,
				268608472B2DB04300FA823E /* GPTDiaryAPI.swift in Sources */,
				F959853B2B0F5C06001F28F1 /* MyPageViewController.swift in Sources */,
				268608412B1E2B7100FA823E /* UIButton+Customization.swift in Sources */,
				264BF3B52B12770800FCFBEC /* PasswordRecoveryThirdViewController.swift in Sources */,
				261003822AC972E2001F5E28 /* UIView+CornerRadius.swift in Sources */,
				F959A1532AB8157E009D90A8 /* DiaryModel.swift in Sources */,
				264BF3BE2B14CD0400FCFBEC /* SignUpAPI.swift in Sources */,
				F9A69E2D2ACCEDA70048FC04 /* StepThreeViewController.swift in Sources */,
				F959853C2B0F5C11001F28F1 /* Page.swift in Sources */,
				269AED4D2AE3BAF3009EADA2 /* Login.swift in Sources */,
			);
			runOnlyForDeploymentPostprocessing = 0;
		};
/* End PBXSourcesBuildPhase section */

/* Begin PBXVariantGroup section */
		F933D8A42AB73982006EDA07 /* Login.storyboard */ = {
			isa = PBXVariantGroup;
			children = (
				F933D8A52AB73982006EDA07 /* Base */,
			);
			name = Login.storyboard;
			sourceTree = "<group>";
		};
		F933D8A92AB73983006EDA07 /* LaunchScreen.storyboard */ = {
			isa = PBXVariantGroup;
			children = (
				F933D8AA2AB73983006EDA07 /* Base */,
			);
			name = LaunchScreen.storyboard;
			sourceTree = "<group>";
		};
/* End PBXVariantGroup section */

/* Begin XCBuildConfiguration section */
		F933D8AD2AB73983006EDA07 /* Debug */ = {
			isa = XCBuildConfiguration;
			buildSettings = {
				ALWAYS_SEARCH_USER_PATHS = NO;
				CLANG_ANALYZER_NONNULL = YES;
				CLANG_ANALYZER_NUMBER_OBJECT_CONVERSION = YES_AGGRESSIVE;
				CLANG_CXX_LANGUAGE_STANDARD = "gnu++20";
				CLANG_ENABLE_MODULES = YES;
				CLANG_ENABLE_OBJC_ARC = YES;
				CLANG_ENABLE_OBJC_WEAK = YES;
				CLANG_WARN_BLOCK_CAPTURE_AUTORELEASING = YES;
				CLANG_WARN_BOOL_CONVERSION = YES;
				CLANG_WARN_COMMA = YES;
				CLANG_WARN_CONSTANT_CONVERSION = YES;
				CLANG_WARN_DEPRECATED_OBJC_IMPLEMENTATIONS = YES;
				CLANG_WARN_DIRECT_OBJC_ISA_USAGE = YES_ERROR;
				CLANG_WARN_DOCUMENTATION_COMMENTS = YES;
				CLANG_WARN_EMPTY_BODY = YES;
				CLANG_WARN_ENUM_CONVERSION = YES;
				CLANG_WARN_INFINITE_RECURSION = YES;
				CLANG_WARN_INT_CONVERSION = YES;
				CLANG_WARN_NON_LITERAL_NULL_CONVERSION = YES;
				CLANG_WARN_OBJC_IMPLICIT_RETAIN_SELF = YES;
				CLANG_WARN_OBJC_LITERAL_CONVERSION = YES;
				CLANG_WARN_OBJC_ROOT_CLASS = YES_ERROR;
				CLANG_WARN_QUOTED_INCLUDE_IN_FRAMEWORK_HEADER = YES;
				CLANG_WARN_RANGE_LOOP_ANALYSIS = YES;
				CLANG_WARN_STRICT_PROTOTYPES = YES;
				CLANG_WARN_SUSPICIOUS_MOVE = YES;
				CLANG_WARN_UNGUARDED_AVAILABILITY = YES_AGGRESSIVE;
				CLANG_WARN_UNREACHABLE_CODE = YES;
				CLANG_WARN__DUPLICATE_METHOD_MATCH = YES;
				COPY_PHASE_STRIP = NO;
				DEBUG_INFORMATION_FORMAT = dwarf;
				ENABLE_STRICT_OBJC_MSGSEND = YES;
				ENABLE_TESTABILITY = YES;
				GCC_C_LANGUAGE_STANDARD = gnu11;
				GCC_DYNAMIC_NO_PIC = NO;
				GCC_NO_COMMON_BLOCKS = YES;
				GCC_OPTIMIZATION_LEVEL = 0;
				GCC_PREPROCESSOR_DEFINITIONS = (
					"DEBUG=1",
					"$(inherited)",
				);
				GCC_WARN_64_TO_32_BIT_CONVERSION = YES;
				GCC_WARN_ABOUT_RETURN_TYPE = YES_ERROR;
				GCC_WARN_UNDECLARED_SELECTOR = YES;
				GCC_WARN_UNINITIALIZED_AUTOS = YES_AGGRESSIVE;
				GCC_WARN_UNUSED_FUNCTION = YES;
				GCC_WARN_UNUSED_VARIABLE = YES;
				IPHONEOS_DEPLOYMENT_TARGET = 15.0;
				MTL_ENABLE_DEBUG_INFO = INCLUDE_SOURCE;
				MTL_FAST_MATH = YES;
				ONLY_ACTIVE_ARCH = YES;
				SDKROOT = iphoneos;
				SWIFT_ACTIVE_COMPILATION_CONDITIONS = DEBUG;
				SWIFT_OPTIMIZATION_LEVEL = "-Onone";
			};
			name = Debug;
		};
		F933D8AE2AB73983006EDA07 /* Release */ = {
			isa = XCBuildConfiguration;
			buildSettings = {
				ALWAYS_SEARCH_USER_PATHS = NO;
				CLANG_ANALYZER_NONNULL = YES;
				CLANG_ANALYZER_NUMBER_OBJECT_CONVERSION = YES_AGGRESSIVE;
				CLANG_CXX_LANGUAGE_STANDARD = "gnu++20";
				CLANG_ENABLE_MODULES = YES;
				CLANG_ENABLE_OBJC_ARC = YES;
				CLANG_ENABLE_OBJC_WEAK = YES;
				CLANG_WARN_BLOCK_CAPTURE_AUTORELEASING = YES;
				CLANG_WARN_BOOL_CONVERSION = YES;
				CLANG_WARN_COMMA = YES;
				CLANG_WARN_CONSTANT_CONVERSION = YES;
				CLANG_WARN_DEPRECATED_OBJC_IMPLEMENTATIONS = YES;
				CLANG_WARN_DIRECT_OBJC_ISA_USAGE = YES_ERROR;
				CLANG_WARN_DOCUMENTATION_COMMENTS = YES;
				CLANG_WARN_EMPTY_BODY = YES;
				CLANG_WARN_ENUM_CONVERSION = YES;
				CLANG_WARN_INFINITE_RECURSION = YES;
				CLANG_WARN_INT_CONVERSION = YES;
				CLANG_WARN_NON_LITERAL_NULL_CONVERSION = YES;
				CLANG_WARN_OBJC_IMPLICIT_RETAIN_SELF = YES;
				CLANG_WARN_OBJC_LITERAL_CONVERSION = YES;
				CLANG_WARN_OBJC_ROOT_CLASS = YES_ERROR;
				CLANG_WARN_QUOTED_INCLUDE_IN_FRAMEWORK_HEADER = YES;
				CLANG_WARN_RANGE_LOOP_ANALYSIS = YES;
				CLANG_WARN_STRICT_PROTOTYPES = YES;
				CLANG_WARN_SUSPICIOUS_MOVE = YES;
				CLANG_WARN_UNGUARDED_AVAILABILITY = YES_AGGRESSIVE;
				CLANG_WARN_UNREACHABLE_CODE = YES;
				CLANG_WARN__DUPLICATE_METHOD_MATCH = YES;
				COPY_PHASE_STRIP = NO;
				DEBUG_INFORMATION_FORMAT = "dwarf-with-dsym";
				ENABLE_NS_ASSERTIONS = NO;
				ENABLE_STRICT_OBJC_MSGSEND = YES;
				GCC_C_LANGUAGE_STANDARD = gnu11;
				GCC_NO_COMMON_BLOCKS = YES;
				GCC_WARN_64_TO_32_BIT_CONVERSION = YES;
				GCC_WARN_ABOUT_RETURN_TYPE = YES_ERROR;
				GCC_WARN_UNDECLARED_SELECTOR = YES;
				GCC_WARN_UNINITIALIZED_AUTOS = YES_AGGRESSIVE;
				GCC_WARN_UNUSED_FUNCTION = YES;
				GCC_WARN_UNUSED_VARIABLE = YES;
				IPHONEOS_DEPLOYMENT_TARGET = 15.0;
				MTL_ENABLE_DEBUG_INFO = NO;
				MTL_FAST_MATH = YES;
				SDKROOT = iphoneos;
				SWIFT_COMPILATION_MODE = wholemodule;
				SWIFT_OPTIMIZATION_LEVEL = "-O";
				VALIDATE_PRODUCT = YES;
			};
			name = Release;
		};
		F933D8B02AB73983006EDA07 /* Debug */ = {
			isa = XCBuildConfiguration;
			buildSettings = {
				ASSETCATALOG_COMPILER_APPICON_NAME = AppIcon;
				ASSETCATALOG_COMPILER_GLOBAL_ACCENT_COLOR_NAME = AccentColor;
				CODE_SIGN_STYLE = Automatic;
				CURRENT_PROJECT_VERSION = 1;
				GENERATE_INFOPLIST_FILE = YES;
				INFOPLIST_FILE = "meommu-iOS/Info.plist";
				INFOPLIST_KEY_NSPhotoLibraryUsageDescription = "일기 작성 화면에서 사진을 추가할 때 앨범에서 사진을 선택";
				INFOPLIST_KEY_UIApplicationSupportsIndirectInputEvents = YES;
				INFOPLIST_KEY_UILaunchStoryboardName = LaunchScreen;
				INFOPLIST_KEY_UIMainStoryboardFile = Login;
				INFOPLIST_KEY_UISupportedInterfaceOrientations = UIInterfaceOrientationPortrait;
				INFOPLIST_KEY_UISupportedInterfaceOrientations_iPad = "UIInterfaceOrientationLandscapeLeft UIInterfaceOrientationLandscapeRight UIInterfaceOrientationPortrait UIInterfaceOrientationPortraitUpsideDown";
				LD_RUNPATH_SEARCH_PATHS = (
					"$(inherited)",
					"@executable_path/Frameworks",
				);
				MARKETING_VERSION = 1.0;
				PRODUCT_BUNDLE_IDENTIFIER = "com.dd.meommu-iOS";
				PRODUCT_NAME = "$(TARGET_NAME)";
				SUPPORTED_PLATFORMS = "iphoneos iphonesimulator";
				SUPPORTS_MACCATALYST = NO;
				SUPPORTS_MAC_DESIGNED_FOR_IPHONE_IPAD = NO;
				SWIFT_EMIT_LOC_STRINGS = YES;
				SWIFT_VERSION = 5.0;
				TARGETED_DEVICE_FAMILY = 1;
			};
			name = Debug;
		};
		F933D8B12AB73983006EDA07 /* Release */ = {
			isa = XCBuildConfiguration;
			buildSettings = {
				ASSETCATALOG_COMPILER_APPICON_NAME = AppIcon;
				ASSETCATALOG_COMPILER_GLOBAL_ACCENT_COLOR_NAME = AccentColor;
				CODE_SIGN_STYLE = Automatic;
				CURRENT_PROJECT_VERSION = 1;
				GENERATE_INFOPLIST_FILE = YES;
				INFOPLIST_FILE = "meommu-iOS/Info.plist";
				INFOPLIST_KEY_NSPhotoLibraryUsageDescription = "일기 작성 화면에서 사진을 추가할 때 앨범에서 사진을 선택";
				INFOPLIST_KEY_UIApplicationSupportsIndirectInputEvents = YES;
				INFOPLIST_KEY_UILaunchStoryboardName = LaunchScreen;
				INFOPLIST_KEY_UIMainStoryboardFile = Login;
				INFOPLIST_KEY_UISupportedInterfaceOrientations = UIInterfaceOrientationPortrait;
				INFOPLIST_KEY_UISupportedInterfaceOrientations_iPad = "UIInterfaceOrientationLandscapeLeft UIInterfaceOrientationLandscapeRight UIInterfaceOrientationPortrait UIInterfaceOrientationPortraitUpsideDown";
				LD_RUNPATH_SEARCH_PATHS = (
					"$(inherited)",
					"@executable_path/Frameworks",
				);
				MARKETING_VERSION = 1.0;
				PRODUCT_BUNDLE_IDENTIFIER = "com.dd.meommu-iOS";
				PRODUCT_NAME = "$(TARGET_NAME)";
				SUPPORTED_PLATFORMS = "iphoneos iphonesimulator";
				SUPPORTS_MACCATALYST = NO;
				SUPPORTS_MAC_DESIGNED_FOR_IPHONE_IPAD = NO;
				SWIFT_EMIT_LOC_STRINGS = YES;
				SWIFT_VERSION = 5.0;
				TARGETED_DEVICE_FAMILY = 1;
			};
			name = Release;
		};
/* End XCBuildConfiguration section */

/* Begin XCConfigurationList section */
		F933D8962AB73982006EDA07 /* Build configuration list for PBXProject "meommu-iOS" */ = {
			isa = XCConfigurationList;
			buildConfigurations = (
				F933D8AD2AB73983006EDA07 /* Debug */,
				F933D8AE2AB73983006EDA07 /* Release */,
			);
			defaultConfigurationIsVisible = 0;
			defaultConfigurationName = Release;
		};
		F933D8AF2AB73983006EDA07 /* Build configuration list for PBXNativeTarget "meommu-iOS" */ = {
			isa = XCConfigurationList;
			buildConfigurations = (
				F933D8B02AB73983006EDA07 /* Debug */,
				F933D8B12AB73983006EDA07 /* Release */,
			);
			defaultConfigurationIsVisible = 0;
			defaultConfigurationName = Release;
		};
/* End XCConfigurationList section */

/* Begin XCRemoteSwiftPackageReference section */
		26F2D8D72B5AA71200EAD813 /* XCRemoteSwiftPackageReference "swift-eventsource" */ = {
			isa = XCRemoteSwiftPackageReference;
			repositoryURL = "https://github.com/LaunchDarkly/swift-eventsource.git";
			requirement = {
				kind = upToNextMajorVersion;
				minimumVersion = 3.1.1;
			};
		};
		F94A09412B13755900786C12 /* XCRemoteSwiftPackageReference "AlamofireImage" */ = {
			isa = XCRemoteSwiftPackageReference;
			repositoryURL = "https://github.com/Alamofire/AlamofireImage";
			requirement = {
				kind = upToNextMajorVersion;
				minimumVersion = 4.3.0;
			};
		};
		F988885F2AFD2219006AB274 /* XCRemoteSwiftPackageReference "Alamofire" */ = {
			isa = XCRemoteSwiftPackageReference;
			repositoryURL = "https://github.com/Alamofire/Alamofire";
			requirement = {
				kind = upToNextMajorVersion;
				minimumVersion = 5.8.1;
			};
		};
		F9CB59232B14BCC100EDFDFD /* XCRemoteSwiftPackageReference "PanModal" */ = {
			isa = XCRemoteSwiftPackageReference;
			repositoryURL = "https://github.com/slackhq/PanModal";
			requirement = {
				kind = upToNextMajorVersion;
				minimumVersion = 1.2.7;
			};
		};
/* End XCRemoteSwiftPackageReference section */

/* Begin XCSwiftPackageProductDependency section */
		26F2D8D82B5AA71200EAD813 /* LDSwiftEventSource */ = {
			isa = XCSwiftPackageProductDependency;
			package = 26F2D8D72B5AA71200EAD813 /* XCRemoteSwiftPackageReference "swift-eventsource" */;
			productName = LDSwiftEventSource;
		};
		F94A09422B13755900786C12 /* AlamofireImage */ = {
			isa = XCSwiftPackageProductDependency;
			package = F94A09412B13755900786C12 /* XCRemoteSwiftPackageReference "AlamofireImage" */;
			productName = AlamofireImage;
		};
		F98888602AFD2219006AB274 /* Alamofire */ = {
			isa = XCSwiftPackageProductDependency;
			package = F988885F2AFD2219006AB274 /* XCRemoteSwiftPackageReference "Alamofire" */;
			productName = Alamofire;
		};
		F9CB59242B14BCC100EDFDFD /* PanModal */ = {
			isa = XCSwiftPackageProductDependency;
			package = F9CB59232B14BCC100EDFDFD /* XCRemoteSwiftPackageReference "PanModal" */;
			productName = PanModal;
		};
/* End XCSwiftPackageProductDependency section */
	};
	rootObject = F933D8932AB73982006EDA07 /* Project object */;
}
