// !$*UTF8*$!
{
	archiveVersion = 1;
	classes = {
	};
	objectVersion = 56;
	objects = {

/* Begin PBXBuildFile section */
		261003822AC972E2001F5E28 /* UIView+CornerRadius.swift in Sources */ = {isa = PBXBuildFile; fileRef = 261003812AC972E2001F5E28 /* UIView+CornerRadius.swift */; };
		261003B42AD3AF07001F5E28 /* Color.swift in Sources */ = {isa = PBXBuildFile; fileRef = 261003B32AD3AF07001F5E28 /* Color.swift */; };
		26215E372AB87FD300F28FBF /* Onboarding.storyboard in Resources */ = {isa = PBXBuildFile; fileRef = 26215E362AB87FD300F28FBF /* Onboarding.storyboard */; };
		26215E3B2AB8843300F28FBF /* OnboardingViewController.swift in Sources */ = {isa = PBXBuildFile; fileRef = 26215E3A2AB8843300F28FBF /* OnboardingViewController.swift */; };
		26215E3E2AB895C500F28FBF /* Helper.swift in Sources */ = {isa = PBXBuildFile; fileRef = 26215E3D2AB895C500F28FBF /* Helper.swift */; };
		26215E402AB8A02600F28FBF /* LoginFirstViewController.swift in Sources */ = {isa = PBXBuildFile; fileRef = 26215E3F2AB8A02600F28FBF /* LoginFirstViewController.swift */; };
		26215E422AB9E5B600F28FBF /* LoginSecondViewController.swift in Sources */ = {isa = PBXBuildFile; fileRef = 26215E412AB9E5B600F28FBF /* LoginSecondViewController.swift */; };
		26215E442AB9E5C400F28FBF /* LoginThirdViewController.swift in Sources */ = {isa = PBXBuildFile; fileRef = 26215E432AB9E5C400F28FBF /* LoginThirdViewController.swift */; };
		F90743802AB73CAD00F7C503 /* Diary.storyboard in Resources */ = {isa = PBXBuildFile; fileRef = F907437F2AB73CAD00F7C503 /* Diary.storyboard */; };
		F90743822AB73CBF00F7C503 /* DiaryViewController.swift in Sources */ = {isa = PBXBuildFile; fileRef = F90743812AB73CBF00F7C503 /* DiaryViewController.swift */; };
		F90CDEAB2ABFF947008ED1A2 /* StepOneTableViewCell.swift in Sources */ = {isa = PBXBuildFile; fileRef = F90CDEA92ABFF947008ED1A2 /* StepOneTableViewCell.swift */; };
		F90CDEAC2ABFF947008ED1A2 /* StepOneTableViewCell.xib in Resources */ = {isa = PBXBuildFile; fileRef = F90CDEAA2ABFF947008ED1A2 /* StepOneTableViewCell.xib */; };
		F90E463D2AB9E0E800E8C0BD /* DiarySendNameViewController.swift in Sources */ = {isa = PBXBuildFile; fileRef = F90E463C2AB9E0E800E8C0BD /* DiarySendNameViewController.swift */; };
		F9182A382B01CB3C00C29BD6 /* Pulley in Frameworks */ = {isa = PBXBuildFile; productRef = F9182A372B01CB3C00C29BD6 /* Pulley */; };
		F933D89F2AB73982006EDA07 /* AppDelegate.swift in Sources */ = {isa = PBXBuildFile; fileRef = F933D89E2AB73982006EDA07 /* AppDelegate.swift */; };
		F933D8A12AB73982006EDA07 /* SceneDelegate.swift in Sources */ = {isa = PBXBuildFile; fileRef = F933D8A02AB73982006EDA07 /* SceneDelegate.swift */; };
		F933D8A32AB73982006EDA07 /* LoginViewController.swift in Sources */ = {isa = PBXBuildFile; fileRef = F933D8A22AB73982006EDA07 /* LoginViewController.swift */; };
		F933D8A62AB73982006EDA07 /* Login.storyboard in Resources */ = {isa = PBXBuildFile; fileRef = F933D8A42AB73982006EDA07 /* Login.storyboard */; };
		F933D8AB2AB73983006EDA07 /* LaunchScreen.storyboard in Resources */ = {isa = PBXBuildFile; fileRef = F933D8A92AB73983006EDA07 /* LaunchScreen.storyboard */; };
		F937BCF92ABC655300D60041 /* StepOneViewController.swift in Sources */ = {isa = PBXBuildFile; fileRef = F937BCF82ABC655300D60041 /* StepOneViewController.swift */; };
		F93D6FA82AB974EF00591C21 /* DiaryWrite.storyboard in Resources */ = {isa = PBXBuildFile; fileRef = F93D6FA72AB974EF00591C21 /* DiaryWrite.storyboard */; };
		F93D6FAA2AB9750400591C21 /* DiaryWriteViewController.swift in Sources */ = {isa = PBXBuildFile; fileRef = F93D6FA92AB9750400591C21 /* DiaryWriteViewController.swift */; };
		F948D84F2AC15A8D00F965E6 /* DiaryDetailViewController.swift in Sources */ = {isa = PBXBuildFile; fileRef = F948D84E2AC15A8D00F965E6 /* DiaryDetailViewController.swift */; };
		F953DD612AB82B22009F3B52 /* DiarySend.storyboard in Resources */ = {isa = PBXBuildFile; fileRef = F953DD602AB82B22009F3B52 /* DiarySend.storyboard */; };
		F959A14F2AB8105F009D90A8 /* DiaryMainEmptyTableViewCell.swift in Sources */ = {isa = PBXBuildFile; fileRef = F959A14D2AB8105F009D90A8 /* DiaryMainEmptyTableViewCell.swift */; };
		F959A1502AB8105F009D90A8 /* DiaryMainEmptyTableViewCell.xib in Resources */ = {isa = PBXBuildFile; fileRef = F959A14E2AB8105F009D90A8 /* DiaryMainEmptyTableViewCell.xib */; };
		F959A1532AB8157E009D90A8 /* DiaryModel.swift in Sources */ = {isa = PBXBuildFile; fileRef = F959A1522AB8157E009D90A8 /* DiaryModel.swift */; };
		F979D7A72AB7DFDF00C52C47 /* DiaryMainTableViewCell.swift in Sources */ = {isa = PBXBuildFile; fileRef = F979D7A52AB7DFDF00C52C47 /* DiaryMainTableViewCell.swift */; };
		F979D7A82AB7DFDF00C52C47 /* DiaryMainTableViewCell.xib in Resources */ = {isa = PBXBuildFile; fileRef = F979D7A62AB7DFDF00C52C47 /* DiaryMainTableViewCell.xib */; };
		F9866C3F2ADE12AE00744164 /* Assets.xcassets in Resources */ = {isa = PBXBuildFile; fileRef = F9866C3E2ADE12AE00744164 /* Assets.xcassets */; };
		F98888612AFD2219006AB274 /* Alamofire in Frameworks */ = {isa = PBXBuildFile; productRef = F98888602AFD2219006AB274 /* Alamofire */; };
		F99368452AF9C79800999521 /* DiaryDatePickerCollectionViewCell.swift in Sources */ = {isa = PBXBuildFile; fileRef = F99368432AF9C79800999521 /* DiaryDatePickerCollectionViewCell.swift */; };
		F99368462AF9C79800999521 /* DiaryDatePickerCollectionViewCell.xib in Resources */ = {isa = PBXBuildFile; fileRef = F99368442AF9C79800999521 /* DiaryDatePickerCollectionViewCell.xib */; };
		F9947A162AC265D7000F11BD /* StepTwoViewController.swift in Sources */ = {isa = PBXBuildFile; fileRef = F9947A152AC265D7000F11BD /* StepTwoViewController.swift */; };
		F9947A192AC2678E000F11BD /* StepTwoTableViewCell.swift in Sources */ = {isa = PBXBuildFile; fileRef = F9947A172AC2678E000F11BD /* StepTwoTableViewCell.swift */; };
		F9947A1A2AC2678E000F11BD /* StepTwoTableViewCell.xib in Resources */ = {isa = PBXBuildFile; fileRef = F9947A182AC2678E000F11BD /* StepTwoTableViewCell.xib */; };
		F9947A1F2AC26B1C000F11BD /* image5.png in Resources */ = {isa = PBXBuildFile; fileRef = F9947A1B2AC26B1B000F11BD /* image5.png */; };
		F9947A202AC26B1C000F11BD /* image2.png in Resources */ = {isa = PBXBuildFile; fileRef = F9947A1C2AC26B1B000F11BD /* image2.png */; };
		F9947A212AC26B1C000F11BD /* image4.png in Resources */ = {isa = PBXBuildFile; fileRef = F9947A1D2AC26B1C000F11BD /* image4.png */; };
		F9947A222AC26B1C000F11BD /* image3.png in Resources */ = {isa = PBXBuildFile; fileRef = F9947A1E2AC26B1C000F11BD /* image3.png */; };
		F9A69E2D2ACCEDA70048FC04 /* StepThreeViewController.swift in Sources */ = {isa = PBXBuildFile; fileRef = F9A69E2C2ACCEDA70048FC04 /* StepThreeViewController.swift */; };
		F9AC5C3D2ADD62660044B22B /* c5637b392e4f496b.ttf in Resources */ = {isa = PBXBuildFile; fileRef = F9AC5C3C2ADD616F0044B22B /* c5637b392e4f496b.ttf */; };
		F9B1E1E82AB824AB00ABA4D6 /* image.png in Resources */ = {isa = PBXBuildFile; fileRef = F9B1E1E72AB824AB00ABA4D6 /* image.png */; };
		F9B9CF842AF5007A009FCA26 /* DiaryDatePicker.storyboard in Resources */ = {isa = PBXBuildFile; fileRef = F9B9CF832AF5007A009FCA26 /* DiaryDatePicker.storyboard */; };
		F9D1BAD42AF31E9C004A7289 /* DiaryGuide.storyboard in Resources */ = {isa = PBXBuildFile; fileRef = F9D1BAD32AF31E9C004A7289 /* DiaryGuide.storyboard */; };
		F9DCFF882AC7ED5300AF3417 /* DiaryRevise.storyboard in Resources */ = {isa = PBXBuildFile; fileRef = F9DCFF872AC7ED5300AF3417 /* DiaryRevise.storyboard */; };
		F9DCFF8A2AC7ED9F00AF3417 /* DiaryReviseViewController.swift in Sources */ = {isa = PBXBuildFile; fileRef = F9DCFF892AC7ED9F00AF3417 /* DiaryReviseViewController.swift */; };
/* End PBXBuildFile section */

/* Begin PBXFileReference section */
		261003812AC972E2001F5E28 /* UIView+CornerRadius.swift */ = {isa = PBXFileReference; lastKnownFileType = sourcecode.swift; path = "UIView+CornerRadius.swift"; sourceTree = "<group>"; };
		261003B32AD3AF07001F5E28 /* Color.swift */ = {isa = PBXFileReference; lastKnownFileType = sourcecode.swift; path = Color.swift; sourceTree = "<group>"; };
		26215E362AB87FD300F28FBF /* Onboarding.storyboard */ = {isa = PBXFileReference; lastKnownFileType = file.storyboard; path = Onboarding.storyboard; sourceTree = "<group>"; };
		26215E3A2AB8843300F28FBF /* OnboardingViewController.swift */ = {isa = PBXFileReference; lastKnownFileType = sourcecode.swift; path = OnboardingViewController.swift; sourceTree = "<group>"; };
		26215E3D2AB895C500F28FBF /* Helper.swift */ = {isa = PBXFileReference; lastKnownFileType = sourcecode.swift; path = Helper.swift; sourceTree = "<group>"; };
		26215E3F2AB8A02600F28FBF /* LoginFirstViewController.swift */ = {isa = PBXFileReference; lastKnownFileType = sourcecode.swift; path = LoginFirstViewController.swift; sourceTree = "<group>"; };
		26215E412AB9E5B600F28FBF /* LoginSecondViewController.swift */ = {isa = PBXFileReference; lastKnownFileType = sourcecode.swift; path = LoginSecondViewController.swift; sourceTree = "<group>"; };
		26215E432AB9E5C400F28FBF /* LoginThirdViewController.swift */ = {isa = PBXFileReference; lastKnownFileType = sourcecode.swift; path = LoginThirdViewController.swift; sourceTree = "<group>"; };
		F907437F2AB73CAD00F7C503 /* Diary.storyboard */ = {isa = PBXFileReference; lastKnownFileType = file.storyboard; path = Diary.storyboard; sourceTree = "<group>"; };
		F90743812AB73CBF00F7C503 /* DiaryViewController.swift */ = {isa = PBXFileReference; lastKnownFileType = sourcecode.swift; path = DiaryViewController.swift; sourceTree = "<group>"; };
		F90CDEA92ABFF947008ED1A2 /* StepOneTableViewCell.swift */ = {isa = PBXFileReference; lastKnownFileType = sourcecode.swift; path = StepOneTableViewCell.swift; sourceTree = "<group>"; };
		F90CDEAA2ABFF947008ED1A2 /* StepOneTableViewCell.xib */ = {isa = PBXFileReference; lastKnownFileType = file.xib; path = StepOneTableViewCell.xib; sourceTree = "<group>"; };
		F90E463C2AB9E0E800E8C0BD /* DiarySendNameViewController.swift */ = {isa = PBXFileReference; lastKnownFileType = sourcecode.swift; path = DiarySendNameViewController.swift; sourceTree = "<group>"; };
		F933D89B2AB73982006EDA07 /* meommu-iOS.app */ = {isa = PBXFileReference; explicitFileType = wrapper.application; includeInIndex = 0; path = "meommu-iOS.app"; sourceTree = BUILT_PRODUCTS_DIR; };
		F933D89E2AB73982006EDA07 /* AppDelegate.swift */ = {isa = PBXFileReference; lastKnownFileType = sourcecode.swift; path = AppDelegate.swift; sourceTree = "<group>"; };
		F933D8A02AB73982006EDA07 /* SceneDelegate.swift */ = {isa = PBXFileReference; lastKnownFileType = sourcecode.swift; path = SceneDelegate.swift; sourceTree = "<group>"; };
		F933D8A22AB73982006EDA07 /* LoginViewController.swift */ = {isa = PBXFileReference; lastKnownFileType = sourcecode.swift; path = LoginViewController.swift; sourceTree = "<group>"; };
		F933D8A52AB73982006EDA07 /* Base */ = {isa = PBXFileReference; lastKnownFileType = file.storyboard; name = Base; path = Base.lproj/Login.storyboard; sourceTree = "<group>"; };
		F933D8AA2AB73983006EDA07 /* Base */ = {isa = PBXFileReference; lastKnownFileType = file.storyboard; name = Base; path = Base.lproj/LaunchScreen.storyboard; sourceTree = "<group>"; };
		F933D8AC2AB73983006EDA07 /* Info.plist */ = {isa = PBXFileReference; lastKnownFileType = text.plist.xml; path = Info.plist; sourceTree = "<group>"; };
		F937BCF82ABC655300D60041 /* StepOneViewController.swift */ = {isa = PBXFileReference; lastKnownFileType = sourcecode.swift; path = StepOneViewController.swift; sourceTree = "<group>"; };
		F93D6FA62AB964FD00591C21 /* HUScribble150.otf */ = {isa = PBXFileReference; lastKnownFileType = file; path = HUScribble150.otf; sourceTree = "<group>"; };
		F93D6FA72AB974EF00591C21 /* DiaryWrite.storyboard */ = {isa = PBXFileReference; lastKnownFileType = file.storyboard; path = DiaryWrite.storyboard; sourceTree = "<group>"; };
		F93D6FA92AB9750400591C21 /* DiaryWriteViewController.swift */ = {isa = PBXFileReference; lastKnownFileType = sourcecode.swift; path = DiaryWriteViewController.swift; sourceTree = "<group>"; };
		F948D84E2AC15A8D00F965E6 /* DiaryDetailViewController.swift */ = {isa = PBXFileReference; lastKnownFileType = sourcecode.swift; path = DiaryDetailViewController.swift; sourceTree = "<group>"; };
		F953DD602AB82B22009F3B52 /* DiarySend.storyboard */ = {isa = PBXFileReference; lastKnownFileType = file.storyboard; path = DiarySend.storyboard; sourceTree = "<group>"; };
		F959A14D2AB8105F009D90A8 /* DiaryMainEmptyTableViewCell.swift */ = {isa = PBXFileReference; lastKnownFileType = sourcecode.swift; path = DiaryMainEmptyTableViewCell.swift; sourceTree = "<group>"; };
		F959A14E2AB8105F009D90A8 /* DiaryMainEmptyTableViewCell.xib */ = {isa = PBXFileReference; lastKnownFileType = file.xib; path = DiaryMainEmptyTableViewCell.xib; sourceTree = "<group>"; };
		F959A1522AB8157E009D90A8 /* DiaryModel.swift */ = {isa = PBXFileReference; lastKnownFileType = sourcecode.swift; path = DiaryModel.swift; sourceTree = "<group>"; };
		F979D7A52AB7DFDF00C52C47 /* DiaryMainTableViewCell.swift */ = {isa = PBXFileReference; lastKnownFileType = sourcecode.swift; path = DiaryMainTableViewCell.swift; sourceTree = "<group>"; };
		F979D7A62AB7DFDF00C52C47 /* DiaryMainTableViewCell.xib */ = {isa = PBXFileReference; lastKnownFileType = file.xib; path = DiaryMainTableViewCell.xib; sourceTree = "<group>"; };
		F9866C3E2ADE12AE00744164 /* Assets.xcassets */ = {isa = PBXFileReference; lastKnownFileType = folder.assetcatalog; path = Assets.xcassets; sourceTree = "<group>"; };
		F99368432AF9C79800999521 /* DiaryDatePickerCollectionViewCell.swift */ = {isa = PBXFileReference; lastKnownFileType = sourcecode.swift; path = DiaryDatePickerCollectionViewCell.swift; sourceTree = "<group>"; };
		F99368442AF9C79800999521 /* DiaryDatePickerCollectionViewCell.xib */ = {isa = PBXFileReference; lastKnownFileType = file.xib; path = DiaryDatePickerCollectionViewCell.xib; sourceTree = "<group>"; };
		F9947A152AC265D7000F11BD /* StepTwoViewController.swift */ = {isa = PBXFileReference; lastKnownFileType = sourcecode.swift; path = StepTwoViewController.swift; sourceTree = "<group>"; };
		F9947A172AC2678E000F11BD /* StepTwoTableViewCell.swift */ = {isa = PBXFileReference; lastKnownFileType = sourcecode.swift; path = StepTwoTableViewCell.swift; sourceTree = "<group>"; };
		F9947A182AC2678E000F11BD /* StepTwoTableViewCell.xib */ = {isa = PBXFileReference; lastKnownFileType = file.xib; path = StepTwoTableViewCell.xib; sourceTree = "<group>"; };
		F9947A1B2AC26B1B000F11BD /* image5.png */ = {isa = PBXFileReference; lastKnownFileType = image.png; path = image5.png; sourceTree = "<group>"; };
		F9947A1C2AC26B1B000F11BD /* image2.png */ = {isa = PBXFileReference; lastKnownFileType = image.png; path = image2.png; sourceTree = "<group>"; };
		F9947A1D2AC26B1C000F11BD /* image4.png */ = {isa = PBXFileReference; lastKnownFileType = image.png; path = image4.png; sourceTree = "<group>"; };
		F9947A1E2AC26B1C000F11BD /* image3.png */ = {isa = PBXFileReference; lastKnownFileType = image.png; path = image3.png; sourceTree = "<group>"; };
		F9A69E2C2ACCEDA70048FC04 /* StepThreeViewController.swift */ = {isa = PBXFileReference; lastKnownFileType = sourcecode.swift; path = StepThreeViewController.swift; sourceTree = "<group>"; };
		F9AC5C3C2ADD616F0044B22B /* c5637b392e4f496b.ttf */ = {isa = PBXFileReference; lastKnownFileType = file; path = c5637b392e4f496b.ttf; sourceTree = "<group>"; };
		F9B1E1E72AB824AB00ABA4D6 /* image.png */ = {isa = PBXFileReference; lastKnownFileType = image.png; path = image.png; sourceTree = "<group>"; };
		F9B9CF832AF5007A009FCA26 /* DiaryDatePicker.storyboard */ = {isa = PBXFileReference; lastKnownFileType = file.storyboard; path = DiaryDatePicker.storyboard; sourceTree = "<group>"; };
		F9D1BAD32AF31E9C004A7289 /* DiaryGuide.storyboard */ = {isa = PBXFileReference; lastKnownFileType = file.storyboard; path = DiaryGuide.storyboard; sourceTree = "<group>"; };
		F9DCFF872AC7ED5300AF3417 /* DiaryRevise.storyboard */ = {isa = PBXFileReference; lastKnownFileType = file.storyboard; path = DiaryRevise.storyboard; sourceTree = "<group>"; };
		F9DCFF892AC7ED9F00AF3417 /* DiaryReviseViewController.swift */ = {isa = PBXFileReference; lastKnownFileType = sourcecode.swift; path = DiaryReviseViewController.swift; sourceTree = "<group>"; };
/* End PBXFileReference section */

/* Begin PBXFrameworksBuildPhase section */
		F933D8982AB73982006EDA07 /* Frameworks */ = {
			isa = PBXFrameworksBuildPhase;
			buildActionMask = 2147483647;
			files = (
				F98888612AFD2219006AB274 /* Alamofire in Frameworks */,
				F9182A382B01CB3C00C29BD6 /* Pulley in Frameworks */,
			);
			runOnlyForDeploymentPostprocessing = 0;
		};
/* End PBXFrameworksBuildPhase section */

/* Begin PBXGroup section */
		26215E352AB87F9B00F28FBF /* Onboarding */ = {
			isa = PBXGroup;
			children = (
				26215E382AB883F600F28FBF /* View */,
				26215E392AB8840200F28FBF /* Controller */,
			);
			path = Onboarding;
			sourceTree = "<group>";
		};
		26215E382AB883F600F28FBF /* View */ = {
			isa = PBXGroup;
			children = (
				26215E362AB87FD300F28FBF /* Onboarding.storyboard */,
			);
			path = View;
			sourceTree = "<group>";
		};
		26215E392AB8840200F28FBF /* Controller */ = {
			isa = PBXGroup;
			children = (
				26215E3A2AB8843300F28FBF /* OnboardingViewController.swift */,
			);
			path = Controller;
			sourceTree = "<group>";
		};
		26215E3C2AB895AD00F28FBF /* Helper */ = {
			isa = PBXGroup;
			children = (
				26215E3D2AB895C500F28FBF /* Helper.swift */,
				261003812AC972E2001F5E28 /* UIView+CornerRadius.swift */,
				261003B32AD3AF07001F5E28 /* Color.swift */,
			);
			path = Helper;
			sourceTree = "<group>";
		};
		F90743792AB73BFF00F7C503 /* Login */ = {
			isa = PBXGroup;
			children = (
				F907437A2AB73C0900F7C503 /* View */,
				F907437B2AB73C4C00F7C503 /* Controller */,
			);
			path = Login;
			sourceTree = "<group>";
		};
		F907437A2AB73C0900F7C503 /* View */ = {
			isa = PBXGroup;
			children = (
				F933D8A42AB73982006EDA07 /* Login.storyboard */,
			);
			path = View;
			sourceTree = "<group>";
		};
		F907437B2AB73C4C00F7C503 /* Controller */ = {
			isa = PBXGroup;
			children = (
				26215E3F2AB8A02600F28FBF /* LoginFirstViewController.swift */,
				26215E412AB9E5B600F28FBF /* LoginSecondViewController.swift */,
				26215E432AB9E5C400F28FBF /* LoginThirdViewController.swift */,
				F933D8A22AB73982006EDA07 /* LoginViewController.swift */,
			);
			path = Controller;
			sourceTree = "<group>";
		};
		F907437C2AB73C6700F7C503 /* Diary */ = {
			isa = PBXGroup;
			children = (
				F959A1512AB81561009D90A8 /* Model */,
				F979D7A42AB7DFC300C52C47 /* Cell */,
				F907437D2AB73C7400F7C503 /* View */,
				F907437E2AB73C7F00F7C503 /* Controller */,
			);
			path = Diary;
			sourceTree = "<group>";
		};
		F907437D2AB73C7400F7C503 /* View */ = {
			isa = PBXGroup;
			children = (
				F9BC8E782ABC0EA6000D90D1 /* BottomSheet */,
				F907437F2AB73CAD00F7C503 /* Diary.storyboard */,
				F953DD602AB82B22009F3B52 /* DiarySend.storyboard */,
				F93D6FA72AB974EF00591C21 /* DiaryWrite.storyboard */,
			);
			path = View;
			sourceTree = "<group>";
		};
		F907437E2AB73C7F00F7C503 /* Controller */ = {
			isa = PBXGroup;
			children = (
				F9BC8E7B2ABC0EBC000D90D1 /* BottomSheet */,
				F90743812AB73CBF00F7C503 /* DiaryViewController.swift */,
				F948D84E2AC15A8D00F965E6 /* DiaryDetailViewController.swift */,
				F90E463C2AB9E0E800E8C0BD /* DiarySendNameViewController.swift */,
				F93D6FA92AB9750400591C21 /* DiaryWriteViewController.swift */,
			);
			path = Controller;
			sourceTree = "<group>";
		};
		F90CDEA82ABFF910008ED1A2 /* BottomSheet */ = {
			isa = PBXGroup;
			children = (
				F90CDEA92ABFF947008ED1A2 /* StepOneTableViewCell.swift */,
				F90CDEAA2ABFF947008ED1A2 /* StepOneTableViewCell.xib */,
				F9947A172AC2678E000F11BD /* StepTwoTableViewCell.swift */,
				F9947A182AC2678E000F11BD /* StepTwoTableViewCell.xib */,
				F99368432AF9C79800999521 /* DiaryDatePickerCollectionViewCell.swift */,
				F99368442AF9C79800999521 /* DiaryDatePickerCollectionViewCell.xib */,
			);
			path = BottomSheet;
			sourceTree = "<group>";
		};
		F933D8922AB73982006EDA07 = {
			isa = PBXGroup;
			children = (
				F933D89D2AB73982006EDA07 /* meommu-iOS */,
				F933D89C2AB73982006EDA07 /* Products */,
			);
			sourceTree = "<group>";
		};
		F933D89C2AB73982006EDA07 /* Products */ = {
			isa = PBXGroup;
			children = (
				F933D89B2AB73982006EDA07 /* meommu-iOS.app */,
			);
			name = Products;
			sourceTree = "<group>";
		};
		F933D89D2AB73982006EDA07 /* meommu-iOS */ = {
			isa = PBXGroup;
			children = (
				26215E3C2AB895AD00F28FBF /* Helper */,
				26215E352AB87F9B00F28FBF /* Onboarding */,
				F90743792AB73BFF00F7C503 /* Login */,
				F907437C2AB73C6700F7C503 /* Diary */,
				F933D89E2AB73982006EDA07 /* AppDelegate.swift */,
				F933D8A02AB73982006EDA07 /* SceneDelegate.swift */,
				F933D8A92AB73983006EDA07 /* LaunchScreen.storyboard */,
				F9AC5C3C2ADD616F0044B22B /* c5637b392e4f496b.ttf */,
				F93D6FA62AB964FD00591C21 /* HUScribble150.otf */,
				F933D8AC2AB73983006EDA07 /* Info.plist */,
				F9866C3E2ADE12AE00744164 /* Assets.xcassets */,
			);
			path = "meommu-iOS";
			sourceTree = "<group>";
		};
		F959A1512AB81561009D90A8 /* Model */ = {
			isa = PBXGroup;
			children = (
				F959A1522AB8157E009D90A8 /* DiaryModel.swift */,
				F9B1E1E72AB824AB00ABA4D6 /* image.png */,
				F9947A1C2AC26B1B000F11BD /* image2.png */,
				F9947A1E2AC26B1C000F11BD /* image3.png */,
				F9947A1D2AC26B1C000F11BD /* image4.png */,
				F9947A1B2AC26B1B000F11BD /* image5.png */,
			);
			path = Model;
			sourceTree = "<group>";
		};
		F979D7A42AB7DFC300C52C47 /* Cell */ = {
			isa = PBXGroup;
			children = (
				F90CDEA82ABFF910008ED1A2 /* BottomSheet */,
				F979D7A52AB7DFDF00C52C47 /* DiaryMainTableViewCell.swift */,
				F979D7A62AB7DFDF00C52C47 /* DiaryMainTableViewCell.xib */,
				F959A14D2AB8105F009D90A8 /* DiaryMainEmptyTableViewCell.swift */,
				F959A14E2AB8105F009D90A8 /* DiaryMainEmptyTableViewCell.xib */,
			);
			path = Cell;
			sourceTree = "<group>";
		};
		F9BC8E782ABC0EA6000D90D1 /* BottomSheet */ = {
			isa = PBXGroup;
			children = (
				F9D1BAD32AF31E9C004A7289 /* DiaryGuide.storyboard */,
				F9DCFF872AC7ED5300AF3417 /* DiaryRevise.storyboard */,
				F9B9CF832AF5007A009FCA26 /* DiaryDatePicker.storyboard */,
			);
			path = BottomSheet;
			sourceTree = "<group>";
		};
		F9BC8E7B2ABC0EBC000D90D1 /* BottomSheet */ = {
			isa = PBXGroup;
			children = (
				F937BCF82ABC655300D60041 /* StepOneViewController.swift */,
				F9947A152AC265D7000F11BD /* StepTwoViewController.swift */,
				F9A69E2C2ACCEDA70048FC04 /* StepThreeViewController.swift */,
				F9DCFF892AC7ED9F00AF3417 /* DiaryReviseViewController.swift */,
			);
			path = BottomSheet;
			sourceTree = "<group>";
		};
/* End PBXGroup section */

/* Begin PBXNativeTarget section */
		F933D89A2AB73982006EDA07 /* meommu-iOS */ = {
			isa = PBXNativeTarget;
			buildConfigurationList = F933D8AF2AB73983006EDA07 /* Build configuration list for PBXNativeTarget "meommu-iOS" */;
			buildPhases = (
				F933D8972AB73982006EDA07 /* Sources */,
				F933D8982AB73982006EDA07 /* Frameworks */,
				F933D8992AB73982006EDA07 /* Resources */,
			);
			buildRules = (
			);
			dependencies = (
			);
			name = "meommu-iOS";
			packageProductDependencies = (
				F98888602AFD2219006AB274 /* Alamofire */,
				F9182A372B01CB3C00C29BD6 /* Pulley */,
			);
			productName = "meommu-iOS";
			productReference = F933D89B2AB73982006EDA07 /* meommu-iOS.app */;
			productType = "com.apple.product-type.application";
		};
/* End PBXNativeTarget section */

/* Begin PBXProject section */
		F933D8932AB73982006EDA07 /* Project object */ = {
			isa = PBXProject;
			attributes = {
				BuildIndependentTargetsInParallel = 1;
				LastSwiftUpdateCheck = 1430;
				LastUpgradeCheck = 1430;
				TargetAttributes = {
					F933D89A2AB73982006EDA07 = {
						CreatedOnToolsVersion = 14.3.1;
					};
				};
			};
			buildConfigurationList = F933D8962AB73982006EDA07 /* Build configuration list for PBXProject "meommu-iOS" */;
			compatibilityVersion = "Xcode 14.0";
			developmentRegion = en;
			hasScannedForEncodings = 0;
			knownRegions = (
				en,
				Base,
			);
			mainGroup = F933D8922AB73982006EDA07;
			packageReferences = (
				F988885F2AFD2219006AB274 /* XCRemoteSwiftPackageReference "Alamofire" */,
				F9182A362B01CB3C00C29BD6 /* XCRemoteSwiftPackageReference "Pulley" */,
			);
			productRefGroup = F933D89C2AB73982006EDA07 /* Products */;
			projectDirPath = "";
			projectRoot = "";
			targets = (
				F933D89A2AB73982006EDA07 /* meommu-iOS */,
			);
		};
/* End PBXProject section */

/* Begin PBXResourcesBuildPhase section */
		F933D8992AB73982006EDA07 /* Resources */ = {
			isa = PBXResourcesBuildPhase;
			buildActionMask = 2147483647;
			files = (
				F9AC5C3D2ADD62660044B22B /* c5637b392e4f496b.ttf in Resources */,
				F9DCFF882AC7ED5300AF3417 /* DiaryRevise.storyboard in Resources */,
				F9866C3F2ADE12AE00744164 /* Assets.xcassets in Resources */,
				F9D1BAD42AF31E9C004A7289 /* DiaryGuide.storyboard in Resources */,
				F9947A212AC26B1C000F11BD /* image4.png in Resources */,
				F9947A222AC26B1C000F11BD /* image3.png in Resources */,
				F9947A1A2AC2678E000F11BD /* StepTwoTableViewCell.xib in Resources */,
				F959A1502AB8105F009D90A8 /* DiaryMainEmptyTableViewCell.xib in Resources */,
				F90743802AB73CAD00F7C503 /* Diary.storyboard in Resources */,
				26215E372AB87FD300F28FBF /* Onboarding.storyboard in Resources */,
				F9947A1F2AC26B1C000F11BD /* image5.png in Resources */,
				F933D8AB2AB73983006EDA07 /* LaunchScreen.storyboard in Resources */,
				F93D6FA82AB974EF00591C21 /* DiaryWrite.storyboard in Resources */,
				F979D7A82AB7DFDF00C52C47 /* DiaryMainTableViewCell.xib in Resources */,
				F9B1E1E82AB824AB00ABA4D6 /* image.png in Resources */,
				F9947A202AC26B1C000F11BD /* image2.png in Resources */,
				F953DD612AB82B22009F3B52 /* DiarySend.storyboard in Resources */,
				F90CDEAC2ABFF947008ED1A2 /* StepOneTableViewCell.xib in Resources */,
				F99368462AF9C79800999521 /* DiaryDatePickerCollectionViewCell.xib in Resources */,
				F9B9CF842AF5007A009FCA26 /* DiaryDatePicker.storyboard in Resources */,
				F933D8A62AB73982006EDA07 /* Login.storyboard in Resources */,
			);
			runOnlyForDeploymentPostprocessing = 0;
		};
/* End PBXResourcesBuildPhase section */

/* Begin PBXSourcesBuildPhase section */
		F933D8972AB73982006EDA07 /* Sources */ = {
			isa = PBXSourcesBuildPhase;
			buildActionMask = 2147483647;
			files = (
				F9947A192AC2678E000F11BD /* StepTwoTableViewCell.swift in Sources */,
				F90743822AB73CBF00F7C503 /* DiaryViewController.swift in Sources */,
				F948D84F2AC15A8D00F965E6 /* DiaryDetailViewController.swift in Sources */,
				F933D8A32AB73982006EDA07 /* LoginViewController.swift in Sources */,
				261003B42AD3AF07001F5E28 /* Color.swift in Sources */,
				26215E3B2AB8843300F28FBF /* OnboardingViewController.swift in Sources */,
				F9DCFF8A2AC7ED9F00AF3417 /* DiaryReviseViewController.swift in Sources */,
				F959A14F2AB8105F009D90A8 /* DiaryMainEmptyTableViewCell.swift in Sources */,
				F933D89F2AB73982006EDA07 /* AppDelegate.swift in Sources */,
				26215E402AB8A02600F28FBF /* LoginFirstViewController.swift in Sources */,
				F937BCF92ABC655300D60041 /* StepOneViewController.swift in Sources */,
				F90CDEAB2ABFF947008ED1A2 /* StepOneTableViewCell.swift in Sources */,
				F979D7A72AB7DFDF00C52C47 /* DiaryMainTableViewCell.swift in Sources */,
				F9947A162AC265D7000F11BD /* StepTwoViewController.swift in Sources */,
				F99368452AF9C79800999521 /* DiaryDatePickerCollectionViewCell.swift in Sources */,
				F93D6FAA2AB9750400591C21 /* DiaryWriteViewController.swift in Sources */,
				F90E463D2AB9E0E800E8C0BD /* DiarySendNameViewController.swift in Sources */,
				F933D8A12AB73982006EDA07 /* SceneDelegate.swift in Sources */,
				26215E442AB9E5C400F28FBF /* LoginThirdViewController.swift in Sources */,
				26215E422AB9E5B600F28FBF /* LoginSecondViewController.swift in Sources */,
				26215E3E2AB895C500F28FBF /* Helper.swift in Sources */,
				261003822AC972E2001F5E28 /* UIView+CornerRadius.swift in Sources */,
				F959A1532AB8157E009D90A8 /* DiaryModel.swift in Sources */,
				F9A69E2D2ACCEDA70048FC04 /* StepThreeViewController.swift in Sources */,
			);
			runOnlyForDeploymentPostprocessing = 0;
		};
/* End PBXSourcesBuildPhase section */

/* Begin PBXVariantGroup section */
		F933D8A42AB73982006EDA07 /* Login.storyboard */ = {
			isa = PBXVariantGroup;
			children = (
				F933D8A52AB73982006EDA07 /* Base */,
			);
			name = Login.storyboard;
			sourceTree = "<group>";
		};
		F933D8A92AB73983006EDA07 /* LaunchScreen.storyboard */ = {
			isa = PBXVariantGroup;
			children = (
				F933D8AA2AB73983006EDA07 /* Base */,
			);
			name = LaunchScreen.storyboard;
			sourceTree = "<group>";
		};
/* End PBXVariantGroup section */

/* Begin XCBuildConfiguration section */
		F933D8AD2AB73983006EDA07 /* Debug */ = {
			isa = XCBuildConfiguration;
			buildSettings = {
				ALWAYS_SEARCH_USER_PATHS = NO;
				CLANG_ANALYZER_NONNULL = YES;
				CLANG_ANALYZER_NUMBER_OBJECT_CONVERSION = YES_AGGRESSIVE;
				CLANG_CXX_LANGUAGE_STANDARD = "gnu++20";
				CLANG_ENABLE_MODULES = YES;
				CLANG_ENABLE_OBJC_ARC = YES;
				CLANG_ENABLE_OBJC_WEAK = YES;
				CLANG_WARN_BLOCK_CAPTURE_AUTORELEASING = YES;
				CLANG_WARN_BOOL_CONVERSION = YES;
				CLANG_WARN_COMMA = YES;
				CLANG_WARN_CONSTANT_CONVERSION = YES;
				CLANG_WARN_DEPRECATED_OBJC_IMPLEMENTATIONS = YES;
				CLANG_WARN_DIRECT_OBJC_ISA_USAGE = YES_ERROR;
				CLANG_WARN_DOCUMENTATION_COMMENTS = YES;
				CLANG_WARN_EMPTY_BODY = YES;
				CLANG_WARN_ENUM_CONVERSION = YES;
				CLANG_WARN_INFINITE_RECURSION = YES;
				CLANG_WARN_INT_CONVERSION = YES;
				CLANG_WARN_NON_LITERAL_NULL_CONVERSION = YES;
				CLANG_WARN_OBJC_IMPLICIT_RETAIN_SELF = YES;
				CLANG_WARN_OBJC_LITERAL_CONVERSION = YES;
				CLANG_WARN_OBJC_ROOT_CLASS = YES_ERROR;
				CLANG_WARN_QUOTED_INCLUDE_IN_FRAMEWORK_HEADER = YES;
				CLANG_WARN_RANGE_LOOP_ANALYSIS = YES;
				CLANG_WARN_STRICT_PROTOTYPES = YES;
				CLANG_WARN_SUSPICIOUS_MOVE = YES;
				CLANG_WARN_UNGUARDED_AVAILABILITY = YES_AGGRESSIVE;
				CLANG_WARN_UNREACHABLE_CODE = YES;
				CLANG_WARN__DUPLICATE_METHOD_MATCH = YES;
				COPY_PHASE_STRIP = NO;
				DEBUG_INFORMATION_FORMAT = dwarf;
				ENABLE_STRICT_OBJC_MSGSEND = YES;
				ENABLE_TESTABILITY = YES;
				GCC_C_LANGUAGE_STANDARD = gnu11;
				GCC_DYNAMIC_NO_PIC = NO;
				GCC_NO_COMMON_BLOCKS = YES;
				GCC_OPTIMIZATION_LEVEL = 0;
				GCC_PREPROCESSOR_DEFINITIONS = (
					"DEBUG=1",
					"$(inherited)",
				);
				GCC_WARN_64_TO_32_BIT_CONVERSION = YES;
				GCC_WARN_ABOUT_RETURN_TYPE = YES_ERROR;
				GCC_WARN_UNDECLARED_SELECTOR = YES;
				GCC_WARN_UNINITIALIZED_AUTOS = YES_AGGRESSIVE;
				GCC_WARN_UNUSED_FUNCTION = YES;
				GCC_WARN_UNUSED_VARIABLE = YES;
				IPHONEOS_DEPLOYMENT_TARGET = 15.0;
				MTL_ENABLE_DEBUG_INFO = INCLUDE_SOURCE;
				MTL_FAST_MATH = YES;
				ONLY_ACTIVE_ARCH = YES;
				SDKROOT = iphoneos;
				SWIFT_ACTIVE_COMPILATION_CONDITIONS = DEBUG;
				SWIFT_OPTIMIZATION_LEVEL = "-Onone";
			};
			name = Debug;
		};
		F933D8AE2AB73983006EDA07 /* Release */ = {
			isa = XCBuildConfiguration;
			buildSettings = {
				ALWAYS_SEARCH_USER_PATHS = NO;
				CLANG_ANALYZER_NONNULL = YES;
				CLANG_ANALYZER_NUMBER_OBJECT_CONVERSION = YES_AGGRESSIVE;
				CLANG_CXX_LANGUAGE_STANDARD = "gnu++20";
				CLANG_ENABLE_MODULES = YES;
				CLANG_ENABLE_OBJC_ARC = YES;
				CLANG_ENABLE_OBJC_WEAK = YES;
				CLANG_WARN_BLOCK_CAPTURE_AUTORELEASING = YES;
				CLANG_WARN_BOOL_CONVERSION = YES;
				CLANG_WARN_COMMA = YES;
				CLANG_WARN_CONSTANT_CONVERSION = YES;
				CLANG_WARN_DEPRECATED_OBJC_IMPLEMENTATIONS = YES;
				CLANG_WARN_DIRECT_OBJC_ISA_USAGE = YES_ERROR;
				CLANG_WARN_DOCUMENTATION_COMMENTS = YES;
				CLANG_WARN_EMPTY_BODY = YES;
				CLANG_WARN_ENUM_CONVERSION = YES;
				CLANG_WARN_INFINITE_RECURSION = YES;
				CLANG_WARN_INT_CONVERSION = YES;
				CLANG_WARN_NON_LITERAL_NULL_CONVERSION = YES;
				CLANG_WARN_OBJC_IMPLICIT_RETAIN_SELF = YES;
				CLANG_WARN_OBJC_LITERAL_CONVERSION = YES;
				CLANG_WARN_OBJC_ROOT_CLASS = YES_ERROR;
				CLANG_WARN_QUOTED_INCLUDE_IN_FRAMEWORK_HEADER = YES;
				CLANG_WARN_RANGE_LOOP_ANALYSIS = YES;
				CLANG_WARN_STRICT_PROTOTYPES = YES;
				CLANG_WARN_SUSPICIOUS_MOVE = YES;
				CLANG_WARN_UNGUARDED_AVAILABILITY = YES_AGGRESSIVE;
				CLANG_WARN_UNREACHABLE_CODE = YES;
				CLANG_WARN__DUPLICATE_METHOD_MATCH = YES;
				COPY_PHASE_STRIP = NO;
				DEBUG_INFORMATION_FORMAT = "dwarf-with-dsym";
				ENABLE_NS_ASSERTIONS = NO;
				ENABLE_STRICT_OBJC_MSGSEND = YES;
				GCC_C_LANGUAGE_STANDARD = gnu11;
				GCC_NO_COMMON_BLOCKS = YES;
				GCC_WARN_64_TO_32_BIT_CONVERSION = YES;
				GCC_WARN_ABOUT_RETURN_TYPE = YES_ERROR;
				GCC_WARN_UNDECLARED_SELECTOR = YES;
				GCC_WARN_UNINITIALIZED_AUTOS = YES_AGGRESSIVE;
				GCC_WARN_UNUSED_FUNCTION = YES;
				GCC_WARN_UNUSED_VARIABLE = YES;
				IPHONEOS_DEPLOYMENT_TARGET = 15.0;
				MTL_ENABLE_DEBUG_INFO = NO;
				MTL_FAST_MATH = YES;
				SDKROOT = iphoneos;
				SWIFT_COMPILATION_MODE = wholemodule;
				SWIFT_OPTIMIZATION_LEVEL = "-O";
				VALIDATE_PRODUCT = YES;
			};
			name = Release;
		};
		F933D8B02AB73983006EDA07 /* Debug */ = {
			isa = XCBuildConfiguration;
			buildSettings = {
				ASSETCATALOG_COMPILER_APPICON_NAME = AppIcon;
				ASSETCATALOG_COMPILER_GLOBAL_ACCENT_COLOR_NAME = AccentColor;
				CODE_SIGN_STYLE = Automatic;
				CURRENT_PROJECT_VERSION = 1;
				GENERATE_INFOPLIST_FILE = YES;
				INFOPLIST_FILE = "meommu-iOS/Info.plist";
				INFOPLIST_KEY_UIApplicationSupportsIndirectInputEvents = YES;
				INFOPLIST_KEY_UILaunchStoryboardName = LaunchScreen;
				INFOPLIST_KEY_UIMainStoryboardFile = Login;
				INFOPLIST_KEY_UISupportedInterfaceOrientations_iPad = "UIInterfaceOrientationPortrait UIInterfaceOrientationPortraitUpsideDown UIInterfaceOrientationLandscapeLeft UIInterfaceOrientationLandscapeRight";
				INFOPLIST_KEY_UISupportedInterfaceOrientations_iPhone = "UIInterfaceOrientationPortrait UIInterfaceOrientationLandscapeLeft UIInterfaceOrientationLandscapeRight";
				LD_RUNPATH_SEARCH_PATHS = (
					"$(inherited)",
					"@executable_path/Frameworks",
				);
				MARKETING_VERSION = 1.0;
				PRODUCT_BUNDLE_IDENTIFIER = "com.dd.meommu-iOS";
				PRODUCT_NAME = "$(TARGET_NAME)";
				SUPPORTED_PLATFORMS = "iphoneos iphonesimulator";
				SUPPORTS_MACCATALYST = NO;
				SUPPORTS_MAC_DESIGNED_FOR_IPHONE_IPAD = NO;
				SWIFT_EMIT_LOC_STRINGS = YES;
				SWIFT_VERSION = 5.0;
				TARGETED_DEVICE_FAMILY = 1;
			};
			name = Debug;
		};
		F933D8B12AB73983006EDA07 /* Release */ = {
			isa = XCBuildConfiguration;
			buildSettings = {
				ASSETCATALOG_COMPILER_APPICON_NAME = AppIcon;
				ASSETCATALOG_COMPILER_GLOBAL_ACCENT_COLOR_NAME = AccentColor;
				CODE_SIGN_STYLE = Automatic;
				CURRENT_PROJECT_VERSION = 1;
				GENERATE_INFOPLIST_FILE = YES;
				INFOPLIST_FILE = "meommu-iOS/Info.plist";
				INFOPLIST_KEY_UIApplicationSupportsIndirectInputEvents = YES;
				INFOPLIST_KEY_UILaunchStoryboardName = LaunchScreen;
				INFOPLIST_KEY_UIMainStoryboardFile = Login;
				INFOPLIST_KEY_UISupportedInterfaceOrientations_iPad = "UIInterfaceOrientationPortrait UIInterfaceOrientationPortraitUpsideDown UIInterfaceOrientationLandscapeLeft UIInterfaceOrientationLandscapeRight";
				INFOPLIST_KEY_UISupportedInterfaceOrientations_iPhone = "UIInterfaceOrientationPortrait UIInterfaceOrientationLandscapeLeft UIInterfaceOrientationLandscapeRight";
				LD_RUNPATH_SEARCH_PATHS = (
					"$(inherited)",
					"@executable_path/Frameworks",
				);
				MARKETING_VERSION = 1.0;
				PRODUCT_BUNDLE_IDENTIFIER = "com.dd.meommu-iOS";
				PRODUCT_NAME = "$(TARGET_NAME)";
				SUPPORTED_PLATFORMS = "iphoneos iphonesimulator";
				SUPPORTS_MACCATALYST = NO;
				SUPPORTS_MAC_DESIGNED_FOR_IPHONE_IPAD = NO;
				SWIFT_EMIT_LOC_STRINGS = YES;
				SWIFT_VERSION = 5.0;
				TARGETED_DEVICE_FAMILY = 1;
			};
			name = Release;
		};
/* End XCBuildConfiguration section */

/* Begin XCConfigurationList section */
		F933D8962AB73982006EDA07 /* Build configuration list for PBXProject "meommu-iOS" */ = {
			isa = XCConfigurationList;
			buildConfigurations = (
				F933D8AD2AB73983006EDA07 /* Debug */,
				F933D8AE2AB73983006EDA07 /* Release */,
			);
			defaultConfigurationIsVisible = 0;
			defaultConfigurationName = Release;
		};
		F933D8AF2AB73983006EDA07 /* Build configuration list for PBXNativeTarget "meommu-iOS" */ = {
			isa = XCConfigurationList;
			buildConfigurations = (
				F933D8B02AB73983006EDA07 /* Debug */,
				F933D8B12AB73983006EDA07 /* Release */,
			);
			defaultConfigurationIsVisible = 0;
			defaultConfigurationName = Release;
		};
/* End XCConfigurationList section */

/* Begin XCRemoteSwiftPackageReference section */
		F9182A362B01CB3C00C29BD6 /* XCRemoteSwiftPackageReference "Pulley" */ = {
			isa = XCRemoteSwiftPackageReference;
			repositoryURL = "https://github.com/52inc/Pulley";
			requirement = {
				kind = upToNextMajorVersion;
				minimumVersion = 2.9.1;
			};
		};
		F988885F2AFD2219006AB274 /* XCRemoteSwiftPackageReference "Alamofire" */ = {
			isa = XCRemoteSwiftPackageReference;
			repositoryURL = "https://github.com/Alamofire/Alamofire";
			requirement = {
				kind = upToNextMajorVersion;
				minimumVersion = 5.8.1;
			};
		};
/* End XCRemoteSwiftPackageReference section */

/* Begin XCSwiftPackageProductDependency section */
		F9182A372B01CB3C00C29BD6 /* Pulley */ = {
			isa = XCSwiftPackageProductDependency;
			package = F9182A362B01CB3C00C29BD6 /* XCRemoteSwiftPackageReference "Pulley" */;
			productName = Pulley;
		};
		F98888602AFD2219006AB274 /* Alamofire */ = {
			isa = XCSwiftPackageProductDependency;
			package = F988885F2AFD2219006AB274 /* XCRemoteSwiftPackageReference "Alamofire" */;
			productName = Alamofire;
		};
/* End XCSwiftPackageProductDependency section */
	};
	rootObject = F933D8932AB73982006EDA07 /* Project object */;
}
