{
  "pins" : [
    {
      "identity" : "alamofire",
      "kind" : "remoteSourceControl",
      "location" : "https://github.com/Alamofire/Alamofire",
      "state" : {
        "revision" : "3dc6a42c7727c49bf26508e29b0a0b35f9c7e1ad",
        "version" : "5.8.1"
      }
    },
    {
      "identity" : "pulley",
      "kind" : "remoteSourceControl",
      "location" : "https://github.com/52inc/Pulley",
      "state" : {
        "revision" : "355bb7c53d4d430334422ad05a97fbe43ce326db",
        "version" : "2.9.1"
      }
    }
  ],
  "version" : 2
}
